PODS:
  - Alamofire (4.8.2)
  - CocoaAsyncSocket (7.5.1):
    - CocoaAsyncSocket/GCD (= 7.5.1)
  - CocoaAsyncSocket/GCD (7.5.1)
  - FrameLayoutKit (3.6)
  - google-cast-sdk (4.4.2):
    - google-cast-sdk/Core (= 4.4.2)
    - Protobuf (~> 3.0)
  - google-cast-sdk/Core (4.4.2):
    - Protobuf (~> 3.0)
  - LFLiveKit_ (2.6.2)
  - Mockingjay (3.0.0-alpha.1):
    - Mockingjay/Core (= 3.0.0-alpha.1)
    - Mockingjay/XCTest (= 3.0.0-alpha.1)
  - Mockingjay/Core (3.0.0-alpha.1):
    - URITemplate (~> 3.0)
  - Mockingjay/XCTest (3.0.0-alpha.1):
    - Mockingjay/Core
  - NHNetworkTime (1.7):
    - CocoaAsyncSocket (~> 7.5.0)
  - NKButton (3.8.7):
    - FrameLayoutKit
    - NVActivityIndicatorView/AppExtension
  - NKModalViewManager (3.5.2)
  - NVActivityIndicatorView/AppExtension (4.7.0)
  - Protobuf (3.9.0)
  - SDWebImage (5.0.6):
    - SDWebImage/Core (= 5.0.6)
  - SDWebImage/Core (5.0.6)
  - Sentry (4.4.0):
    - Sentry/Core (= 4.4.0)
  - Sentry/Core (4.4.0)
  - SwiftyJSON (5.0.0)
  - URITemplate (3.0.0)

DEPENDENCIES:
  - Alamofire
  - FrameLayoutKit
  - google-cast-sdk
  - LFLiveKit_
  - Mockingjay (from `https://github.com/kylef/Mockingjay.git`, tag `3.0.0-alpha.1`)
  - NHNetworkTime
  - NKButton
  - NKModalViewManager
  - NVActivityIndicatorView/AppExtension
  - SDWebImage
  - Sentry
  - SwiftyJSON

SPEC REPOS:
  https://github.com/cocoapods/specs.git:
    - Alamofire
    - CocoaAsyncSocket
    - FrameLayoutKit
    - google-cast-sdk
    - LFLiveKit_
    - NHNetworkTime
    - NKButton
    - NKModalViewManager
    - NVActivityIndicatorView
    - Protobuf
    - SDWebImage
    - Sentry
    - SwiftyJSON
    - URITemplate

EXTERNAL SOURCES:
  Mockingjay:
    :git: https://github.com/kylef/Mockingjay.git
    :tag: 3.0.0-alpha.1

CHECKOUT OPTIONS:
  Mockingjay:
    :git: https://github.com/kylef/Mockingjay.git
    :tag: 3.0.0-alpha.1

SPEC CHECKSUMS:
  Alamofire: ae5c501addb7afdbb13687d7f2f722c78734c2d3
  CocoaAsyncSocket: e0a7e93b2ffa411592ff87e58524fbbc9b95b4fa
  FrameLayoutKit: 1d1e3b54bcbf0eb0d2b52e2f1be8460051666865
  google-cast-sdk: ac9ea41d61026406869bf696b2e7f87971a4cf1f
  LFLiveKit_: 809917d93edae7acfcc6eef23b24933ba976a203
  Mockingjay: 97656c6f59879923976a0a52ef09da45756cca82
  NHNetworkTime: b140ee21770aed41e7b8fd43647bce6349ad10f2
  NKButton: 399eb4a3a51a31c40203fdfa5470a63becd110b6
  NKModalViewManager: 8171cd4fb9315193fc2d05f011f9a29c9ca95a0f
  NVActivityIndicatorView: b19ddab2576f805cbe0fb2306cba3476e09a1dea
  Protobuf: 1097ca58584c8d9be81bfbf2c5ff5975648dd87a
  SDWebImage: 920f1a2ff1ca8296ad34f6e0510a1ef1d70ac965
  Sentry: 26650184fe71eb7476dfd2737acb5ea6cc64b4b1
  SwiftyJSON: 36413e04c44ee145039d332b4f4e2d3e8d6c4db7
  URITemplate: 58e0d47f967006c5d59888af5356c4a8ed3b197d

PODFILE CHECKSUM: e560433a65fee96c5016cdc90943b8ef934a710a

COCOAPODS: 1.7.4
