// !$*UTF8*$!
{
	archiveVersion = 1;
	classes = {
	};
	objectVersion = 48;
	objects = {

/* Begin PBXBuildFile section */
		0197156A0CC97D9DEF6F51DB /* Pods_UizaSDK.framework in Frameworks */ = {isa = PBXBuildFile; fileRef = F3EF719FF3F438E076EB2A5C /* Pods_UizaSDK.framework */; };
		4AB1E76502B2FC8B6ACF578B /* Pods_UizaPlayerTest.framework in Frameworks */ = {isa = PBXBuildFile; fileRef = 96E9DDDB0BEAFCDD89AF7DFF /* Pods_UizaPlayerTest.framework */; };
		538D3A8A952E43B54F6CC2FE /* Pods_UizaSDKTests.framework in Frameworks */ = {isa = PBXBuildFile; fileRef = 202A368E44ECEC2CBD8A1F2F /* Pods_UizaSDKTests.framework */; };
		6309D95E20A4078E008CC538 /* UZRelatedViewController.swift in Sources */ = {isa = PBXBuildFile; fileRef = 6309D95D20A4078E008CC538 /* UZRelatedViewController.swift */; };
		632124F22089E1EE00720593 /* UZBannerItem.swift in Sources */ = {isa = PBXBuildFile; fileRef = 632124EB2089E1ED00720593 /* UZBannerItem.swift */; };
		632124F32089E1EE00720593 /* UZMenuItem.swift in Sources */ = {isa = PBXBuildFile; fileRef = 632124EC2089E1ED00720593 /* UZMenuItem.swift */; };
		632124F42089E1EE00720593 /* UZModelObject.swift in Sources */ = {isa = PBXBuildFile; fileRef = 632124ED2089E1ED00720593 /* UZModelObject.swift */; };
		632124F52089E1EE00720593 /* UZUser.swift in Sources */ = {isa = PBXBuildFile; fileRef = 632124EE2089E1EE00720593 /* UZUser.swift */; };
		632124F62089E1EE00720593 /* UZVideoItem.swift in Sources */ = {isa = PBXBuildFile; fileRef = 632124EF2089E1EE00720593 /* UZVideoItem.swift */; };
		632124F72089E1EE00720593 /* UZToken.swift in Sources */ = {isa = PBXBuildFile; fileRef = 632124F02089E1EE00720593 /* UZToken.swift */; };
		632124F82089E1EE00720593 /* UZCategory.swift in Sources */ = {isa = PBXBuildFile; fileRef = 632124F12089E1EE00720593 /* UZCategory.swift */; };
		632124FE2089E20800720593 /* UZAccountServices.swift in Sources */ = {isa = PBXBuildFile; fileRef = 632124F92089E20700720593 /* UZAccountServices.swift */; };
		632124FF2089E20800720593 /* UizaSDK.swift in Sources */ = {isa = PBXBuildFile; fileRef = 632124FA2089E20700720593 /* UizaSDK.swift */; };
		632125002089E20800720593 /* UZContentServices.swift in Sources */ = {isa = PBXBuildFile; fileRef = 632124FB2089E20800720593 /* UZContentServices.swift */; };
		632125012089E20800720593 /* UZLogger.swift in Sources */ = {isa = PBXBuildFile; fileRef = 632124FC2089E20800720593 /* UZLogger.swift */; };
		632125022089E20800720593 /* UZAPIConnector.swift in Sources */ = {isa = PBXBuildFile; fileRef = 632124FD2089E20800720593 /* UZAPIConnector.swift */; };
		6346B7A220930C3200A68AD4 /* UZPlayerControlView.swift in Sources */ = {isa = PBXBuildFile; fileRef = 6346B79A20930C3200A68AD4 /* UZPlayerControlView.swift */; };
		6346B7A320930C3200A68AD4 /* UZPlayerViewController.swift in Sources */ = {isa = PBXBuildFile; fileRef = 6346B79B20930C3200A68AD4 /* UZPlayerViewController.swift */; };
		6346B7A420930C3200A68AD4 /* UZMediaResource.swift in Sources */ = {isa = PBXBuildFile; fileRef = 6346B79D20930C3200A68AD4 /* UZMediaResource.swift */; };
		6346B7A520930C3200A68AD4 /* NKProgressView.swift in Sources */ = {isa = PBXBuildFile; fileRef = 6346B79F20930C3200A68AD4 /* NKProgressView.swift */; };
		6346B7A620930C3200A68AD4 /* UZSlider.swift in Sources */ = {isa = PBXBuildFile; fileRef = 6346B7A020930C3200A68AD4 /* UZSlider.swift */; };
		6346B7A720930C3200A68AD4 /* UZPlayer.swift in Sources */ = {isa = PBXBuildFile; fileRef = 6346B7A120930C3200A68AD4 /* UZPlayer.swift */; };
		6346B7A920930D7D00A68AD4 /* AVAudioSession+Airplay.swift in Sources */ = {isa = PBXBuildFile; fileRef = 6346B7A820930D7D00A68AD4 /* AVAudioSession+Airplay.swift */; };
		6346B7AB20930DAC00A68AD4 /* NSTimeInterval+ToString.swift in Sources */ = {isa = PBXBuildFile; fileRef = 6346B7AA20930DAC00A68AD4 /* NSTimeInterval+ToString.swift */; };
		6346B7AC20930DAC00A68AD4 /* NSTimeInterval+ToString.swift in Sources */ = {isa = PBXBuildFile; fileRef = 6346B7AA20930DAC00A68AD4 /* NSTimeInterval+ToString.swift */; };
		63714A24209B108600426948 /* UZShareView.swift in Sources */ = {isa = PBXBuildFile; fileRef = 63714A23209B108600426948 /* UZShareView.swift */; };
		638EC0D820AAA17D00C0243E /* AppDelegate.swift in Sources */ = {isa = PBXBuildFile; fileRef = 638EC0D720AAA17D00C0243E /* AppDelegate.swift */; };
		638EC0DA20AAA17D00C0243E /* ViewController.swift in Sources */ = {isa = PBXBuildFile; fileRef = 638EC0D920AAA17D00C0243E /* ViewController.swift */; };
		638EC0DD20AAA17D00C0243E /* Main.storyboard in Resources */ = {isa = PBXBuildFile; fileRef = 638EC0DB20AAA17D00C0243E /* Main.storyboard */; };
		638EC0DF20AAA17F00C0243E /* Assets.xcassets in Resources */ = {isa = PBXBuildFile; fileRef = 638EC0DE20AAA17F00C0243E /* Assets.xcassets */; };
		638EC0E220AAA17F00C0243E /* LaunchScreen.storyboard in Resources */ = {isa = PBXBuildFile; fileRef = 638EC0E020AAA17F00C0243E /* LaunchScreen.storyboard */; };
		638EC0E720AAA2CA00C0243E /* AVAudioSession+Airplay.swift in Sources */ = {isa = PBXBuildFile; fileRef = 6346B7A820930D7D00A68AD4 /* AVAudioSession+Airplay.swift */; };
		638EC0E820AAA2CA00C0243E /* Date+Comparators.swift in Sources */ = {isa = PBXBuildFile; fileRef = 63C65F87205BA10800DB2C96 /* Date+Comparators.swift */; };
		638EC0E920AAA2CA00C0243E /* Dictionary+Append.swift in Sources */ = {isa = PBXBuildFile; fileRef = 63C65F82205BA10800DB2C96 /* Dictionary+Append.swift */; };
		638EC0EA20AAA2CA00C0243E /* Error+Code.swift in Sources */ = {isa = PBXBuildFile; fileRef = 63C65F81205BA10800DB2C96 /* Error+Code.swift */; };
		638EC0EB20AAA2CA00C0243E /* FileManager+Extends.swift in Sources */ = {isa = PBXBuildFile; fileRef = 63C65F7F205BA10800DB2C96 /* FileManager+Extends.swift */; };
		638EC0EC20AAA2CA00C0243E /* UIDevice+Extension.swift in Sources */ = {isa = PBXBuildFile; fileRef = 63C65F7D205BA10800DB2C96 /* UIDevice+Extension.swift */; };
		638EC0ED20AAA2CA00C0243E /* UIApplication+Version.swift in Sources */ = {isa = PBXBuildFile; fileRef = 63C65F7E205BA10800DB2C96 /* UIApplication+Version.swift */; };
		638EC0EE20AAA2CA00C0243E /* UIColor+Hex.swift in Sources */ = {isa = PBXBuildFile; fileRef = 63C65F80205BA10800DB2C96 /* UIColor+Hex.swift */; };
		638EC0EF20AAA2CA00C0243E /* NSError+Uiza.swift in Sources */ = {isa = PBXBuildFile; fileRef = 63C65F83205BA10800DB2C96 /* NSError+Uiza.swift */; };
		638EC0F020AAA2CA00C0243E /* NSTimeInterval+ToString.swift in Sources */ = {isa = PBXBuildFile; fileRef = 6346B7AA20930DAC00A68AD4 /* NSTimeInterval+ToString.swift */; };
		638EC0F120AAA2CA00C0243E /* NSDictionary+KeyValue.swift in Sources */ = {isa = PBXBuildFile; fileRef = 63C65F85205BA10800DB2C96 /* NSDictionary+KeyValue.swift */; };
		638EC0F220AAA2CA00C0243E /* String+ToBool.swift in Sources */ = {isa = PBXBuildFile; fileRef = 63C65F84205BA10800DB2C96 /* String+ToBool.swift */; };
		638EC0F320AAA2CA00C0243E /* String+Extension.swift in Sources */ = {isa = PBXBuildFile; fileRef = 63C65F86205BA10800DB2C96 /* String+Extension.swift */; };
		638EC0F420AAA2CA00C0243E /* String+Components.swift in Sources */ = {isa = PBXBuildFile; fileRef = 63C65F88205BA10800DB2C96 /* String+Components.swift */; };
		638EC0F520AAA2CA00C0243E /* String+ToDictionary.swift in Sources */ = {isa = PBXBuildFile; fileRef = 63C65F8A205BA10800DB2C96 /* String+ToDictionary.swift */; };
		638EC0F620AAA2CD00C0243E /* UizaSDK.swift in Sources */ = {isa = PBXBuildFile; fileRef = 632124FA2089E20700720593 /* UizaSDK.swift */; };
		638EC0F720AAA2CD00C0243E /* UZAccountServices.swift in Sources */ = {isa = PBXBuildFile; fileRef = 632124F92089E20700720593 /* UZAccountServices.swift */; };
		638EC0F820AAA2CD00C0243E /* UZAPIConnector.swift in Sources */ = {isa = PBXBuildFile; fileRef = 632124FD2089E20800720593 /* UZAPIConnector.swift */; };
		638EC0F920AAA2CD00C0243E /* UZContentServices.swift in Sources */ = {isa = PBXBuildFile; fileRef = 632124FB2089E20800720593 /* UZContentServices.swift */; };
		638EC0FA20AAA2CD00C0243E /* UZLogger.swift in Sources */ = {isa = PBXBuildFile; fileRef = 632124FC2089E20800720593 /* UZLogger.swift */; };
		638EC0FB20AAA2D200C0243E /* UZModelObject.swift in Sources */ = {isa = PBXBuildFile; fileRef = 632124ED2089E1ED00720593 /* UZModelObject.swift */; };
		638EC0FC20AAA2D200C0243E /* UZBannerItem.swift in Sources */ = {isa = PBXBuildFile; fileRef = 632124EB2089E1ED00720593 /* UZBannerItem.swift */; };
		638EC0FD20AAA2D200C0243E /* UZCategory.swift in Sources */ = {isa = PBXBuildFile; fileRef = 632124F12089E1EE00720593 /* UZCategory.swift */; };
		638EC0FE20AAA2D200C0243E /* UZMenuItem.swift in Sources */ = {isa = PBXBuildFile; fileRef = 632124EC2089E1ED00720593 /* UZMenuItem.swift */; };
		638EC0FF20AAA2D200C0243E /* UZToken.swift in Sources */ = {isa = PBXBuildFile; fileRef = 632124F02089E1EE00720593 /* UZToken.swift */; };
		638EC10020AAA2D200C0243E /* UZUser.swift in Sources */ = {isa = PBXBuildFile; fileRef = 632124EE2089E1EE00720593 /* UZUser.swift */; };
		638EC10120AAA2D200C0243E /* UZVideoItem.swift in Sources */ = {isa = PBXBuildFile; fileRef = 632124EF2089E1EE00720593 /* UZVideoItem.swift */; };
		638EC10220AAA2D600C0243E /* UZPlayer.swift in Sources */ = {isa = PBXBuildFile; fileRef = 6346B7A120930C3200A68AD4 /* UZPlayer.swift */; };
		638EC10320AAA2D600C0243E /* UZPlayerControlView.swift in Sources */ = {isa = PBXBuildFile; fileRef = 6346B79A20930C3200A68AD4 /* UZPlayerControlView.swift */; };
		638EC10420AAA2D600C0243E /* UZShareView.swift in Sources */ = {isa = PBXBuildFile; fileRef = 63714A23209B108600426948 /* UZShareView.swift */; };
		638EC10520AAA2D600C0243E /* UZRelatedViewController.swift in Sources */ = {isa = PBXBuildFile; fileRef = 6309D95D20A4078E008CC538 /* UZRelatedViewController.swift */; };
		638EC10620AAA2D600C0243E /* UZPlayerViewController.swift in Sources */ = {isa = PBXBuildFile; fileRef = 6346B79B20930C3200A68AD4 /* UZPlayerViewController.swift */; };
		638EC10720AAA2DD00C0243E /* NKProgressView.swift in Sources */ = {isa = PBXBuildFile; fileRef = 6346B79F20930C3200A68AD4 /* NKProgressView.swift */; };
		638EC10820AAA2DD00C0243E /* UZSlider.swift in Sources */ = {isa = PBXBuildFile; fileRef = 6346B7A020930C3200A68AD4 /* UZSlider.swift */; };
		638EC10920AAA2E000C0243E /* UZMediaResource.swift in Sources */ = {isa = PBXBuildFile; fileRef = 6346B79D20930C3200A68AD4 /* UZMediaResource.swift */; };
		638EC11920AC348000C0243E /* UZTheme1.swift in Sources */ = {isa = PBXBuildFile; fileRef = 638EC11820AC348000C0243E /* UZTheme1.swift */; };
		638EC11A20AC348000C0243E /* UZTheme1.swift in Sources */ = {isa = PBXBuildFile; fileRef = 638EC11820AC348000C0243E /* UZTheme1.swift */; };
		638EC11D20AC3E9D00C0243E /* UZTheme2.swift in Sources */ = {isa = PBXBuildFile; fileRef = 638EC11C20AC3E9D00C0243E /* UZTheme2.swift */; };
		638EC11E20AC3E9D00C0243E /* UZTheme2.swift in Sources */ = {isa = PBXBuildFile; fileRef = 638EC11C20AC3E9D00C0243E /* UZTheme2.swift */; };
		638EC12020AC3FA100C0243E /* UZTheme3.swift in Sources */ = {isa = PBXBuildFile; fileRef = 638EC11F20AC3FA100C0243E /* UZTheme3.swift */; };
		638EC12120AC3FA100C0243E /* UZTheme3.swift in Sources */ = {isa = PBXBuildFile; fileRef = 638EC11F20AC3FA100C0243E /* UZTheme3.swift */; };
		638EC12320AC426900C0243E /* UZTheme4.swift in Sources */ = {isa = PBXBuildFile; fileRef = 638EC12220AC426900C0243E /* UZTheme4.swift */; };
		638EC12420AC426900C0243E /* UZTheme4.swift in Sources */ = {isa = PBXBuildFile; fileRef = 638EC12220AC426900C0243E /* UZTheme4.swift */; };
		63C65F6C205B9FE600DB2C96 /* UizaSDK.framework in Frameworks */ = {isa = PBXBuildFile; fileRef = 63C65F62205B9FE600DB2C96 /* UizaSDK.framework */; };
		63C65F71205B9FE600DB2C96 /* UizaSDKTests.swift in Sources */ = {isa = PBXBuildFile; fileRef = 63C65F70205B9FE600DB2C96 /* UizaSDKTests.swift */; };
		63C65F73205B9FE600DB2C96 /* UizaSDK.h in Headers */ = {isa = PBXBuildFile; fileRef = 63C65F65205B9FE600DB2C96 /* UizaSDK.h */; settings = {ATTRIBUTES = (Public, ); }; };
		63C65FA5205BA10800DB2C96 /* UIDevice+Extension.swift in Sources */ = {isa = PBXBuildFile; fileRef = 63C65F7D205BA10800DB2C96 /* UIDevice+Extension.swift */; };
		63C65FA6205BA10800DB2C96 /* UIApplication+Version.swift in Sources */ = {isa = PBXBuildFile; fileRef = 63C65F7E205BA10800DB2C96 /* UIApplication+Version.swift */; };
		63C65FA7205BA10800DB2C96 /* FileManager+Extends.swift in Sources */ = {isa = PBXBuildFile; fileRef = 63C65F7F205BA10800DB2C96 /* FileManager+Extends.swift */; };
		63C65FA8205BA10800DB2C96 /* UIColor+Hex.swift in Sources */ = {isa = PBXBuildFile; fileRef = 63C65F80205BA10800DB2C96 /* UIColor+Hex.swift */; };
		63C65FA9205BA10800DB2C96 /* Error+Code.swift in Sources */ = {isa = PBXBuildFile; fileRef = 63C65F81205BA10800DB2C96 /* Error+Code.swift */; };
		63C65FAA205BA10800DB2C96 /* Dictionary+Append.swift in Sources */ = {isa = PBXBuildFile; fileRef = 63C65F82205BA10800DB2C96 /* Dictionary+Append.swift */; };
		63C65FAB205BA10800DB2C96 /* NSError+Uiza.swift in Sources */ = {isa = PBXBuildFile; fileRef = 63C65F83205BA10800DB2C96 /* NSError+Uiza.swift */; };
		63C65FAC205BA10800DB2C96 /* String+ToBool.swift in Sources */ = {isa = PBXBuildFile; fileRef = 63C65F84205BA10800DB2C96 /* String+ToBool.swift */; };
		63C65FAD205BA10800DB2C96 /* NSDictionary+KeyValue.swift in Sources */ = {isa = PBXBuildFile; fileRef = 63C65F85205BA10800DB2C96 /* NSDictionary+KeyValue.swift */; };
		63C65FAE205BA10800DB2C96 /* String+Extension.swift in Sources */ = {isa = PBXBuildFile; fileRef = 63C65F86205BA10800DB2C96 /* String+Extension.swift */; };
		63C65FAF205BA10800DB2C96 /* Date+Comparators.swift in Sources */ = {isa = PBXBuildFile; fileRef = 63C65F87205BA10800DB2C96 /* Date+Comparators.swift */; };
		63C65FB0205BA10800DB2C96 /* String+Components.swift in Sources */ = {isa = PBXBuildFile; fileRef = 63C65F88205BA10800DB2C96 /* String+Components.swift */; };
		63C65FB2205BA10800DB2C96 /* String+ToDictionary.swift in Sources */ = {isa = PBXBuildFile; fileRef = 63C65F8A205BA10800DB2C96 /* String+ToDictionary.swift */; };
		63FC58C4208A1F0B009C9028 /* UizaSDK_tvos.h in Headers */ = {isa = PBXBuildFile; fileRef = 63FC58C2208A1F0B009C9028 /* UizaSDK_tvos.h */; settings = {ATTRIBUTES = (Public, ); }; };
		63FC58C8208A1F1F009C9028 /* UZModelObject.swift in Sources */ = {isa = PBXBuildFile; fileRef = 632124ED2089E1ED00720593 /* UZModelObject.swift */; };
		63FC58C9208A1F1F009C9028 /* UZBannerItem.swift in Sources */ = {isa = PBXBuildFile; fileRef = 632124EB2089E1ED00720593 /* UZBannerItem.swift */; };
		63FC58CA208A1F1F009C9028 /* UZCategory.swift in Sources */ = {isa = PBXBuildFile; fileRef = 632124F12089E1EE00720593 /* UZCategory.swift */; };
		63FC58CB208A1F1F009C9028 /* UZMenuItem.swift in Sources */ = {isa = PBXBuildFile; fileRef = 632124EC2089E1ED00720593 /* UZMenuItem.swift */; };
		63FC58CC208A1F1F009C9028 /* UZToken.swift in Sources */ = {isa = PBXBuildFile; fileRef = 632124F02089E1EE00720593 /* UZToken.swift */; };
		63FC58CD208A1F1F009C9028 /* UZUser.swift in Sources */ = {isa = PBXBuildFile; fileRef = 632124EE2089E1EE00720593 /* UZUser.swift */; };
		63FC58CE208A1F1F009C9028 /* UZVideoItem.swift in Sources */ = {isa = PBXBuildFile; fileRef = 632124EF2089E1EE00720593 /* UZVideoItem.swift */; };
		63FC58CF208A1F1F009C9028 /* UizaSDK.swift in Sources */ = {isa = PBXBuildFile; fileRef = 632124FA2089E20700720593 /* UizaSDK.swift */; };
		63FC58D0208A1F1F009C9028 /* UZAccountServices.swift in Sources */ = {isa = PBXBuildFile; fileRef = 632124F92089E20700720593 /* UZAccountServices.swift */; };
		63FC58D1208A1F1F009C9028 /* UZAPIConnector.swift in Sources */ = {isa = PBXBuildFile; fileRef = 632124FD2089E20800720593 /* UZAPIConnector.swift */; };
		63FC58D2208A1F1F009C9028 /* UZContentServices.swift in Sources */ = {isa = PBXBuildFile; fileRef = 632124FB2089E20800720593 /* UZContentServices.swift */; };
		63FC58D3208A1F1F009C9028 /* UZLogger.swift in Sources */ = {isa = PBXBuildFile; fileRef = 632124FC2089E20800720593 /* UZLogger.swift */; };
		63FC58D4208A1F1F009C9028 /* UizaSDK.h in Headers */ = {isa = PBXBuildFile; fileRef = 63C65F65205B9FE600DB2C96 /* UizaSDK.h */; };
		63FC58D5208A1F24009C9028 /* UIDevice+Extension.swift in Sources */ = {isa = PBXBuildFile; fileRef = 63C65F7D205BA10800DB2C96 /* UIDevice+Extension.swift */; };
		63FC58D6208A1F24009C9028 /* UIApplication+Version.swift in Sources */ = {isa = PBXBuildFile; fileRef = 63C65F7E205BA10800DB2C96 /* UIApplication+Version.swift */; };
		63FC58D7208A1F24009C9028 /* FileManager+Extends.swift in Sources */ = {isa = PBXBuildFile; fileRef = 63C65F7F205BA10800DB2C96 /* FileManager+Extends.swift */; };
		63FC58D8208A1F24009C9028 /* UIColor+Hex.swift in Sources */ = {isa = PBXBuildFile; fileRef = 63C65F80205BA10800DB2C96 /* UIColor+Hex.swift */; };
		63FC58D9208A1F24009C9028 /* Error+Code.swift in Sources */ = {isa = PBXBuildFile; fileRef = 63C65F81205BA10800DB2C96 /* Error+Code.swift */; };
		63FC58DA208A1F24009C9028 /* Dictionary+Append.swift in Sources */ = {isa = PBXBuildFile; fileRef = 63C65F82205BA10800DB2C96 /* Dictionary+Append.swift */; };
		63FC58DB208A1F24009C9028 /* NSError+Uiza.swift in Sources */ = {isa = PBXBuildFile; fileRef = 63C65F83205BA10800DB2C96 /* NSError+Uiza.swift */; };
		63FC58DC208A1F24009C9028 /* String+ToBool.swift in Sources */ = {isa = PBXBuildFile; fileRef = 63C65F84205BA10800DB2C96 /* String+ToBool.swift */; };
		63FC58DD208A1F24009C9028 /* NSDictionary+KeyValue.swift in Sources */ = {isa = PBXBuildFile; fileRef = 63C65F85205BA10800DB2C96 /* NSDictionary+KeyValue.swift */; };
		63FC58DE208A1F24009C9028 /* String+Extension.swift in Sources */ = {isa = PBXBuildFile; fileRef = 63C65F86205BA10800DB2C96 /* String+Extension.swift */; };
		63FC58DF208A1F24009C9028 /* Date+Comparators.swift in Sources */ = {isa = PBXBuildFile; fileRef = 63C65F87205BA10800DB2C96 /* Date+Comparators.swift */; };
		63FC58E0208A1F24009C9028 /* String+Components.swift in Sources */ = {isa = PBXBuildFile; fileRef = 63C65F88205BA10800DB2C96 /* String+Components.swift */; };
		63FC58E2208A1F24009C9028 /* String+ToDictionary.swift in Sources */ = {isa = PBXBuildFile; fileRef = 63C65F8A205BA10800DB2C96 /* String+ToDictionary.swift */; };
		7B5B62958AF80139F044FA1C /* Pods_UizaSDK_tvos.framework in Frameworks */ = {isa = PBXBuildFile; fileRef = 1C777641F82A55CB8D6DD6E3 /* Pods_UizaSDK_tvos.framework */; };
/* End PBXBuildFile section */

/* Begin PBXContainerItemProxy section */
		63C65F6D205B9FE600DB2C96 /* PBXContainerItemProxy */ = {
			isa = PBXContainerItemProxy;
			containerPortal = 63C65F59205B9FE600DB2C96 /* Project object */;
			proxyType = 1;
			remoteGlobalIDString = 63C65F61205B9FE600DB2C96;
			remoteInfo = UizaSDK;
		};
/* End PBXContainerItemProxy section */

/* Begin PBXFileReference section */
		0E715D5FB8765152CC4F10F5 /* Pods-UizaPlayerTest.debug.xcconfig */ = {isa = PBXFileReference; includeInIndex = 1; lastKnownFileType = text.xcconfig; name = "Pods-UizaPlayerTest.debug.xcconfig"; path = "Pods/Target Support Files/Pods-UizaPlayerTest/Pods-UizaPlayerTest.debug.xcconfig"; sourceTree = "<group>"; };
		10619F129EBE56DAC47084F9 /* Pods-UizaSDK-tvos.debug.xcconfig */ = {isa = PBXFileReference; includeInIndex = 1; lastKnownFileType = text.xcconfig; name = "Pods-UizaSDK-tvos.debug.xcconfig"; path = "Pods/Target Support Files/Pods-UizaSDK-tvos/Pods-UizaSDK-tvos.debug.xcconfig"; sourceTree = "<group>"; };
		1C777641F82A55CB8D6DD6E3 /* Pods_UizaSDK_tvos.framework */ = {isa = PBXFileReference; explicitFileType = wrapper.framework; includeInIndex = 0; path = Pods_UizaSDK_tvos.framework; sourceTree = BUILT_PRODUCTS_DIR; };
		202A368E44ECEC2CBD8A1F2F /* Pods_UizaSDKTests.framework */ = {isa = PBXFileReference; explicitFileType = wrapper.framework; includeInIndex = 0; path = Pods_UizaSDKTests.framework; sourceTree = BUILT_PRODUCTS_DIR; };
		28836A3ED419476454084AC0 /* Pods-UizaSDKTests.debug.xcconfig */ = {isa = PBXFileReference; includeInIndex = 1; lastKnownFileType = text.xcconfig; name = "Pods-UizaSDKTests.debug.xcconfig"; path = "Pods/Target Support Files/Pods-UizaSDKTests/Pods-UizaSDKTests.debug.xcconfig"; sourceTree = "<group>"; };
		4BC432C22A6BF2074ECD5F97 /* Pods-UizaSDKTests.release.xcconfig */ = {isa = PBXFileReference; includeInIndex = 1; lastKnownFileType = text.xcconfig; name = "Pods-UizaSDKTests.release.xcconfig"; path = "Pods/Target Support Files/Pods-UizaSDKTests/Pods-UizaSDKTests.release.xcconfig"; sourceTree = "<group>"; };
		6309D95D20A4078E008CC538 /* UZRelatedViewController.swift */ = {isa = PBXFileReference; lastKnownFileType = sourcecode.swift; path = UZRelatedViewController.swift; sourceTree = "<group>"; };
		632124EB2089E1ED00720593 /* UZBannerItem.swift */ = {isa = PBXFileReference; fileEncoding = 4; lastKnownFileType = sourcecode.swift; path = UZBannerItem.swift; sourceTree = "<group>"; };
		632124EC2089E1ED00720593 /* UZMenuItem.swift */ = {isa = PBXFileReference; fileEncoding = 4; lastKnownFileType = sourcecode.swift; path = UZMenuItem.swift; sourceTree = "<group>"; };
		632124ED2089E1ED00720593 /* UZModelObject.swift */ = {isa = PBXFileReference; fileEncoding = 4; lastKnownFileType = sourcecode.swift; path = UZModelObject.swift; sourceTree = "<group>"; };
		632124EE2089E1EE00720593 /* UZUser.swift */ = {isa = PBXFileReference; fileEncoding = 4; lastKnownFileType = sourcecode.swift; path = UZUser.swift; sourceTree = "<group>"; };
		632124EF2089E1EE00720593 /* UZVideoItem.swift */ = {isa = PBXFileReference; fileEncoding = 4; lastKnownFileType = sourcecode.swift; path = UZVideoItem.swift; sourceTree = "<group>"; };
		632124F02089E1EE00720593 /* UZToken.swift */ = {isa = PBXFileReference; fileEncoding = 4; lastKnownFileType = sourcecode.swift; path = UZToken.swift; sourceTree = "<group>"; };
		632124F12089E1EE00720593 /* UZCategory.swift */ = {isa = PBXFileReference; fileEncoding = 4; lastKnownFileType = sourcecode.swift; path = UZCategory.swift; sourceTree = "<group>"; };
		632124F92089E20700720593 /* UZAccountServices.swift */ = {isa = PBXFileReference; fileEncoding = 4; lastKnownFileType = sourcecode.swift; path = UZAccountServices.swift; sourceTree = "<group>"; };
		632124FA2089E20700720593 /* UizaSDK.swift */ = {isa = PBXFileReference; fileEncoding = 4; lastKnownFileType = sourcecode.swift; path = UizaSDK.swift; sourceTree = "<group>"; };
		632124FB2089E20800720593 /* UZContentServices.swift */ = {isa = PBXFileReference; fileEncoding = 4; lastKnownFileType = sourcecode.swift; path = UZContentServices.swift; sourceTree = "<group>"; };
		632124FC2089E20800720593 /* UZLogger.swift */ = {isa = PBXFileReference; fileEncoding = 4; lastKnownFileType = sourcecode.swift; path = UZLogger.swift; sourceTree = "<group>"; };
		632124FD2089E20800720593 /* UZAPIConnector.swift */ = {isa = PBXFileReference; fileEncoding = 4; lastKnownFileType = sourcecode.swift; path = UZAPIConnector.swift; sourceTree = "<group>"; };
		6346B79A20930C3200A68AD4 /* UZPlayerControlView.swift */ = {isa = PBXFileReference; fileEncoding = 4; lastKnownFileType = sourcecode.swift; path = UZPlayerControlView.swift; sourceTree = "<group>"; };
		6346B79B20930C3200A68AD4 /* UZPlayerViewController.swift */ = {isa = PBXFileReference; fileEncoding = 4; lastKnownFileType = sourcecode.swift; path = UZPlayerViewController.swift; sourceTree = "<group>"; };
		6346B79D20930C3200A68AD4 /* UZMediaResource.swift */ = {isa = PBXFileReference; fileEncoding = 4; lastKnownFileType = sourcecode.swift; path = UZMediaResource.swift; sourceTree = "<group>"; };
		6346B79F20930C3200A68AD4 /* NKProgressView.swift */ = {isa = PBXFileReference; fileEncoding = 4; lastKnownFileType = sourcecode.swift; path = NKProgressView.swift; sourceTree = "<group>"; };
		6346B7A020930C3200A68AD4 /* UZSlider.swift */ = {isa = PBXFileReference; fileEncoding = 4; lastKnownFileType = sourcecode.swift; path = UZSlider.swift; sourceTree = "<group>"; };
		6346B7A120930C3200A68AD4 /* UZPlayer.swift */ = {isa = PBXFileReference; fileEncoding = 4; lastKnownFileType = sourcecode.swift; path = UZPlayer.swift; sourceTree = "<group>"; };
		6346B7A820930D7D00A68AD4 /* AVAudioSession+Airplay.swift */ = {isa = PBXFileReference; fileEncoding = 4; lastKnownFileType = sourcecode.swift; path = "AVAudioSession+Airplay.swift"; sourceTree = "<group>"; };
		6346B7AA20930DAC00A68AD4 /* NSTimeInterval+ToString.swift */ = {isa = PBXFileReference; fileEncoding = 4; lastKnownFileType = sourcecode.swift; path = "NSTimeInterval+ToString.swift"; sourceTree = "<group>"; };
		63714A23209B108600426948 /* UZShareView.swift */ = {isa = PBXFileReference; lastKnownFileType = sourcecode.swift; path = UZShareView.swift; sourceTree = "<group>"; };
		638EC0D520AAA17D00C0243E /* UizaPlayerTest.app */ = {isa = PBXFileReference; explicitFileType = wrapper.application; includeInIndex = 0; path = UizaPlayerTest.app; sourceTree = BUILT_PRODUCTS_DIR; };
		638EC0D720AAA17D00C0243E /* AppDelegate.swift */ = {isa = PBXFileReference; lastKnownFileType = sourcecode.swift; path = AppDelegate.swift; sourceTree = "<group>"; };
		638EC0D920AAA17D00C0243E /* ViewController.swift */ = {isa = PBXFileReference; lastKnownFileType = sourcecode.swift; path = ViewController.swift; sourceTree = "<group>"; };
		638EC0DC20AAA17D00C0243E /* Base */ = {isa = PBXFileReference; lastKnownFileType = file.storyboard; name = Base; path = Base.lproj/Main.storyboard; sourceTree = "<group>"; };
		638EC0DE20AAA17F00C0243E /* Assets.xcassets */ = {isa = PBXFileReference; lastKnownFileType = folder.assetcatalog; path = Assets.xcassets; sourceTree = "<group>"; };
		638EC0E120AAA17F00C0243E /* Base */ = {isa = PBXFileReference; lastKnownFileType = file.storyboard; name = Base; path = Base.lproj/LaunchScreen.storyboard; sourceTree = "<group>"; };
		638EC0E320AAA17F00C0243E /* Info.plist */ = {isa = PBXFileReference; lastKnownFileType = text.plist.xml; path = Info.plist; sourceTree = "<group>"; };
		638EC11820AC348000C0243E /* UZTheme1.swift */ = {isa = PBXFileReference; lastKnownFileType = sourcecode.swift; path = UZTheme1.swift; sourceTree = "<group>"; };
		638EC11C20AC3E9D00C0243E /* UZTheme2.swift */ = {isa = PBXFileReference; lastKnownFileType = sourcecode.swift; path = UZTheme2.swift; sourceTree = "<group>"; };
		638EC11F20AC3FA100C0243E /* UZTheme3.swift */ = {isa = PBXFileReference; lastKnownFileType = sourcecode.swift; path = UZTheme3.swift; sourceTree = "<group>"; };
		638EC12220AC426900C0243E /* UZTheme4.swift */ = {isa = PBXFileReference; lastKnownFileType = sourcecode.swift; path = UZTheme4.swift; sourceTree = "<group>"; };
		63C65F62205B9FE600DB2C96 /* UizaSDK.framework */ = {isa = PBXFileReference; explicitFileType = wrapper.framework; includeInIndex = 0; path = UizaSDK.framework; sourceTree = BUILT_PRODUCTS_DIR; };
		63C65F65205B9FE600DB2C96 /* UizaSDK.h */ = {isa = PBXFileReference; lastKnownFileType = sourcecode.c.h; path = UizaSDK.h; sourceTree = "<group>"; };
		63C65F66205B9FE600DB2C96 /* Info.plist */ = {isa = PBXFileReference; lastKnownFileType = text.plist.xml; path = Info.plist; sourceTree = "<group>"; };
		63C65F6B205B9FE600DB2C96 /* UizaSDKTests.xctest */ = {isa = PBXFileReference; explicitFileType = wrapper.cfbundle; includeInIndex = 0; path = UizaSDKTests.xctest; sourceTree = BUILT_PRODUCTS_DIR; };
		63C65F70205B9FE600DB2C96 /* UizaSDKTests.swift */ = {isa = PBXFileReference; lastKnownFileType = sourcecode.swift; path = UizaSDKTests.swift; sourceTree = "<group>"; };
		63C65F72205B9FE600DB2C96 /* Info.plist */ = {isa = PBXFileReference; lastKnownFileType = text.plist.xml; path = Info.plist; sourceTree = "<group>"; };
		63C65F7D205BA10800DB2C96 /* UIDevice+Extension.swift */ = {isa = PBXFileReference; fileEncoding = 4; lastKnownFileType = sourcecode.swift; path = "UIDevice+Extension.swift"; sourceTree = "<group>"; };
		63C65F7E205BA10800DB2C96 /* UIApplication+Version.swift */ = {isa = PBXFileReference; fileEncoding = 4; lastKnownFileType = sourcecode.swift; path = "UIApplication+Version.swift"; sourceTree = "<group>"; };
		63C65F7F205BA10800DB2C96 /* FileManager+Extends.swift */ = {isa = PBXFileReference; fileEncoding = 4; lastKnownFileType = sourcecode.swift; path = "FileManager+Extends.swift"; sourceTree = "<group>"; };
		63C65F80205BA10800DB2C96 /* UIColor+Hex.swift */ = {isa = PBXFileReference; fileEncoding = 4; lastKnownFileType = sourcecode.swift; path = "UIColor+Hex.swift"; sourceTree = "<group>"; };
		63C65F81205BA10800DB2C96 /* Error+Code.swift */ = {isa = PBXFileReference; fileEncoding = 4; lastKnownFileType = sourcecode.swift; path = "Error+Code.swift"; sourceTree = "<group>"; };
		63C65F82205BA10800DB2C96 /* Dictionary+Append.swift */ = {isa = PBXFileReference; fileEncoding = 4; lastKnownFileType = sourcecode.swift; path = "Dictionary+Append.swift"; sourceTree = "<group>"; };
		63C65F83205BA10800DB2C96 /* NSError+Uiza.swift */ = {isa = PBXFileReference; fileEncoding = 4; lastKnownFileType = sourcecode.swift; path = "NSError+Uiza.swift"; sourceTree = "<group>"; };
		63C65F84205BA10800DB2C96 /* String+ToBool.swift */ = {isa = PBXFileReference; fileEncoding = 4; lastKnownFileType = sourcecode.swift; path = "String+ToBool.swift"; sourceTree = "<group>"; };
		63C65F85205BA10800DB2C96 /* NSDictionary+KeyValue.swift */ = {isa = PBXFileReference; fileEncoding = 4; lastKnownFileType = sourcecode.swift; path = "NSDictionary+KeyValue.swift"; sourceTree = "<group>"; };
		63C65F86205BA10800DB2C96 /* String+Extension.swift */ = {isa = PBXFileReference; fileEncoding = 4; lastKnownFileType = sourcecode.swift; path = "String+Extension.swift"; sourceTree = "<group>"; };
		63C65F87205BA10800DB2C96 /* Date+Comparators.swift */ = {isa = PBXFileReference; fileEncoding = 4; lastKnownFileType = sourcecode.swift; path = "Date+Comparators.swift"; sourceTree = "<group>"; };
		63C65F88205BA10800DB2C96 /* String+Components.swift */ = {isa = PBXFileReference; fileEncoding = 4; lastKnownFileType = sourcecode.swift; path = "String+Components.swift"; sourceTree = "<group>"; };
		63C65F8A205BA10800DB2C96 /* String+ToDictionary.swift */ = {isa = PBXFileReference; fileEncoding = 4; lastKnownFileType = sourcecode.swift; path = "String+ToDictionary.swift"; sourceTree = "<group>"; };
		63FC58C0208A1F0B009C9028 /* UizaSDK_tvos.framework */ = {isa = PBXFileReference; explicitFileType = wrapper.framework; includeInIndex = 0; path = UizaSDK_tvos.framework; sourceTree = BUILT_PRODUCTS_DIR; };
		63FC58C2208A1F0B009C9028 /* UizaSDK_tvos.h */ = {isa = PBXFileReference; lastKnownFileType = sourcecode.c.h; path = UizaSDK_tvos.h; sourceTree = "<group>"; };
		63FC58C3208A1F0B009C9028 /* Info.plist */ = {isa = PBXFileReference; lastKnownFileType = text.plist.xml; path = Info.plist; sourceTree = "<group>"; };
		860B16779D07210913450B9F /* Pods-UizaSDK-tvos.release.xcconfig */ = {isa = PBXFileReference; includeInIndex = 1; lastKnownFileType = text.xcconfig; name = "Pods-UizaSDK-tvos.release.xcconfig"; path = "Pods/Target Support Files/Pods-UizaSDK-tvos/Pods-UizaSDK-tvos.release.xcconfig"; sourceTree = "<group>"; };
		96E9DDDB0BEAFCDD89AF7DFF /* Pods_UizaPlayerTest.framework */ = {isa = PBXFileReference; explicitFileType = wrapper.framework; includeInIndex = 0; path = Pods_UizaPlayerTest.framework; sourceTree = BUILT_PRODUCTS_DIR; };
		9FC8E8DE1EDD07EAD7267040 /* Pods-UizaSDK.debug.xcconfig */ = {isa = PBXFileReference; includeInIndex = 1; lastKnownFileType = text.xcconfig; name = "Pods-UizaSDK.debug.xcconfig"; path = "Pods/Target Support Files/Pods-UizaSDK/Pods-UizaSDK.debug.xcconfig"; sourceTree = "<group>"; };
		A31A18B66B62D3BBEB193CFF /* Pods-UizaPlayerTest.release.xcconfig */ = {isa = PBXFileReference; includeInIndex = 1; lastKnownFileType = text.xcconfig; name = "Pods-UizaPlayerTest.release.xcconfig"; path = "Pods/Target Support Files/Pods-UizaPlayerTest/Pods-UizaPlayerTest.release.xcconfig"; sourceTree = "<group>"; };
		BE8577A3B28C9EBB8D29C941 /* Pods-UizaSDK.release.xcconfig */ = {isa = PBXFileReference; includeInIndex = 1; lastKnownFileType = text.xcconfig; name = "Pods-UizaSDK.release.xcconfig"; path = "Pods/Target Support Files/Pods-UizaSDK/Pods-UizaSDK.release.xcconfig"; sourceTree = "<group>"; };
		F3EF719FF3F438E076EB2A5C /* Pods_UizaSDK.framework */ = {isa = PBXFileReference; explicitFileType = wrapper.framework; includeInIndex = 0; path = Pods_UizaSDK.framework; sourceTree = BUILT_PRODUCTS_DIR; };
/* End PBXFileReference section */

/* Begin PBXFrameworksBuildPhase section */
		638EC0D220AAA17D00C0243E /* Frameworks */ = {
			isa = PBXFrameworksBuildPhase;
			buildActionMask = 2147483647;
			files = (
				4AB1E76502B2FC8B6ACF578B /* Pods_UizaPlayerTest.framework in Frameworks */,
			);
			runOnlyForDeploymentPostprocessing = 0;
		};
		63C65F5E205B9FE600DB2C96 /* Frameworks */ = {
			isa = PBXFrameworksBuildPhase;
			buildActionMask = 2147483647;
			files = (
				0197156A0CC97D9DEF6F51DB /* Pods_UizaSDK.framework in Frameworks */,
			);
			runOnlyForDeploymentPostprocessing = 0;
		};
		63C65F68205B9FE600DB2C96 /* Frameworks */ = {
			isa = PBXFrameworksBuildPhase;
			buildActionMask = 2147483647;
			files = (
				63C65F6C205B9FE600DB2C96 /* UizaSDK.framework in Frameworks */,
				538D3A8A952E43B54F6CC2FE /* Pods_UizaSDKTests.framework in Frameworks */,
			);
			runOnlyForDeploymentPostprocessing = 0;
		};
		63FC58BC208A1F0B009C9028 /* Frameworks */ = {
			isa = PBXFrameworksBuildPhase;
			buildActionMask = 2147483647;
			files = (
				7B5B62958AF80139F044FA1C /* Pods_UizaSDK_tvos.framework in Frameworks */,
			);
			runOnlyForDeploymentPostprocessing = 0;
		};
/* End PBXFrameworksBuildPhase section */

/* Begin PBXGroup section */
		4B9EEB5333F2831668A9B018 /* Frameworks */ = {
			isa = PBXGroup;
			children = (
				F3EF719FF3F438E076EB2A5C /* Pods_UizaSDK.framework */,
				202A368E44ECEC2CBD8A1F2F /* Pods_UizaSDKTests.framework */,
				1C777641F82A55CB8D6DD6E3 /* Pods_UizaSDK_tvos.framework */,
				96E9DDDB0BEAFCDD89AF7DFF /* Pods_UizaPlayerTest.framework */,
			);
			name = Frameworks;
			sourceTree = "<group>";
		};
		6346B79920930C0B00A68AD4 /* Player */ = {
			isa = PBXGroup;
			children = (
				6346B79E20930C3200A68AD4 /* Controls */,
				6346B79C20930C3200A68AD4 /* Models */,
				638EC11B20AC35E800C0243E /* Themes */,
				6346B7A120930C3200A68AD4 /* UZPlayer.swift */,
				6346B79A20930C3200A68AD4 /* UZPlayerControlView.swift */,
				63714A23209B108600426948 /* UZShareView.swift */,
				6309D95D20A4078E008CC538 /* UZRelatedViewController.swift */,
				6346B79B20930C3200A68AD4 /* UZPlayerViewController.swift */,
			);
			path = Player;
			sourceTree = "<group>";
		};
		6346B79C20930C3200A68AD4 /* Models */ = {
			isa = PBXGroup;
			children = (
				6346B79D20930C3200A68AD4 /* UZMediaResource.swift */,
			);
			path = Models;
			sourceTree = "<group>";
		};
		6346B79E20930C3200A68AD4 /* Controls */ = {
			isa = PBXGroup;
			children = (
				6346B79F20930C3200A68AD4 /* NKProgressView.swift */,
				6346B7A020930C3200A68AD4 /* UZSlider.swift */,
			);
			path = Controls;
			sourceTree = "<group>";
		};
		638EC0D620AAA17D00C0243E /* UizaPlayerTest */ = {
			isa = PBXGroup;
			children = (
				638EC0D720AAA17D00C0243E /* AppDelegate.swift */,
				638EC0D920AAA17D00C0243E /* ViewController.swift */,
				638EC0DB20AAA17D00C0243E /* Main.storyboard */,
				638EC0DE20AAA17F00C0243E /* Assets.xcassets */,
				638EC0E020AAA17F00C0243E /* LaunchScreen.storyboard */,
				638EC0E320AAA17F00C0243E /* Info.plist */,
			);
			path = UizaPlayerTest;
			sourceTree = "<group>";
		};
		638EC11B20AC35E800C0243E /* Themes */ = {
			isa = PBXGroup;
			children = (
				638EC11820AC348000C0243E /* UZTheme1.swift */,
				638EC11C20AC3E9D00C0243E /* UZTheme2.swift */,
				638EC11F20AC3FA100C0243E /* UZTheme3.swift */,
				638EC12220AC426900C0243E /* UZTheme4.swift */,
			);
			path = Themes;
			sourceTree = "<group>";
		};
		63C65F58205B9FE600DB2C96 = {
			isa = PBXGroup;
			children = (
				63C65F64205B9FE600DB2C96 /* UizaSDK */,
				63FC58C1208A1F0B009C9028 /* UizaSDK-tvos */,
				63C65F6F205B9FE600DB2C96 /* UizaSDKTests */,
				638EC0D620AAA17D00C0243E /* UizaPlayerTest */,
				63C65F63205B9FE600DB2C96 /* Products */,
				BB947AFA2F568CFE1C9F5E09 /* Pods */,
				4B9EEB5333F2831668A9B018 /* Frameworks */,
			);
			sourceTree = "<group>";
		};
		63C65F63205B9FE600DB2C96 /* Products */ = {
			isa = PBXGroup;
			children = (
				63C65F62205B9FE600DB2C96 /* UizaSDK.framework */,
				63C65F6B205B9FE600DB2C96 /* UizaSDKTests.xctest */,
				63FC58C0208A1F0B009C9028 /* UizaSDK_tvos.framework */,
				638EC0D520AAA17D00C0243E /* UizaPlayerTest.app */,
			);
			name = Products;
			sourceTree = "<group>";
		};
		63C65F64205B9FE600DB2C96 /* UizaSDK */ = {
			isa = PBXGroup;
			children = (
				63C65F7C205BA10800DB2C96 /* Extensions */,
				63C65F8B205BA10800DB2C96 /* SDK */,
				6346B79920930C0B00A68AD4 /* Player */,
				63C65F65205B9FE600DB2C96 /* UizaSDK.h */,
				63C65F66205B9FE600DB2C96 /* Info.plist */,
			);
			path = UizaSDK;
			sourceTree = "<group>";
		};
		63C65F6F205B9FE600DB2C96 /* UizaSDKTests */ = {
			isa = PBXGroup;
			children = (
				63C65F70205B9FE600DB2C96 /* UizaSDKTests.swift */,
				63C65F72205B9FE600DB2C96 /* Info.plist */,
			);
			path = UizaSDKTests;
			sourceTree = "<group>";
		};
		63C65F7C205BA10800DB2C96 /* Extensions */ = {
			isa = PBXGroup;
			children = (
				6346B7A820930D7D00A68AD4 /* AVAudioSession+Airplay.swift */,
				63C65F87205BA10800DB2C96 /* Date+Comparators.swift */,
				63C65F82205BA10800DB2C96 /* Dictionary+Append.swift */,
				63C65F81205BA10800DB2C96 /* Error+Code.swift */,
				63C65F7F205BA10800DB2C96 /* FileManager+Extends.swift */,
				63C65F7D205BA10800DB2C96 /* UIDevice+Extension.swift */,
				63C65F7E205BA10800DB2C96 /* UIApplication+Version.swift */,
				63C65F80205BA10800DB2C96 /* UIColor+Hex.swift */,
				63C65F83205BA10800DB2C96 /* NSError+Uiza.swift */,
				6346B7AA20930DAC00A68AD4 /* NSTimeInterval+ToString.swift */,
				63C65F85205BA10800DB2C96 /* NSDictionary+KeyValue.swift */,
				63C65F84205BA10800DB2C96 /* String+ToBool.swift */,
				63C65F86205BA10800DB2C96 /* String+Extension.swift */,
				63C65F88205BA10800DB2C96 /* String+Components.swift */,
				63C65F8A205BA10800DB2C96 /* String+ToDictionary.swift */,
			);
			path = Extensions;
			sourceTree = "<group>";
		};
		63C65F8B205BA10800DB2C96 /* SDK */ = {
			isa = PBXGroup;
			children = (
				63C65FCC205BA12A00DB2C96 /* Models */,
				632124FA2089E20700720593 /* UizaSDK.swift */,
				632124F92089E20700720593 /* UZAccountServices.swift */,
				632124FD2089E20800720593 /* UZAPIConnector.swift */,
				632124FB2089E20800720593 /* UZContentServices.swift */,
				632124FC2089E20800720593 /* UZLogger.swift */,
			);
			path = SDK;
			sourceTree = "<group>";
		};
		63C65FCC205BA12A00DB2C96 /* Models */ = {
			isa = PBXGroup;
			children = (
				632124ED2089E1ED00720593 /* UZModelObject.swift */,
				632124EB2089E1ED00720593 /* UZBannerItem.swift */,
				632124F12089E1EE00720593 /* UZCategory.swift */,
				632124EC2089E1ED00720593 /* UZMenuItem.swift */,
				632124F02089E1EE00720593 /* UZToken.swift */,
				632124EE2089E1EE00720593 /* UZUser.swift */,
				632124EF2089E1EE00720593 /* UZVideoItem.swift */,
			);
			path = Models;
			sourceTree = "<group>";
		};
		63FC58C1208A1F0B009C9028 /* UizaSDK-tvos */ = {
			isa = PBXGroup;
			children = (
				63FC58C2208A1F0B009C9028 /* UizaSDK_tvos.h */,
				63FC58C3208A1F0B009C9028 /* Info.plist */,
			);
			path = "UizaSDK-tvos";
			sourceTree = "<group>";
		};
		BB947AFA2F568CFE1C9F5E09 /* Pods */ = {
			isa = PBXGroup;
			children = (
				9FC8E8DE1EDD07EAD7267040 /* Pods-UizaSDK.debug.xcconfig */,
				BE8577A3B28C9EBB8D29C941 /* Pods-UizaSDK.release.xcconfig */,
				28836A3ED419476454084AC0 /* Pods-UizaSDKTests.debug.xcconfig */,
				4BC432C22A6BF2074ECD5F97 /* Pods-UizaSDKTests.release.xcconfig */,
				10619F129EBE56DAC47084F9 /* Pods-UizaSDK-tvos.debug.xcconfig */,
				860B16779D07210913450B9F /* Pods-UizaSDK-tvos.release.xcconfig */,
				0E715D5FB8765152CC4F10F5 /* Pods-UizaPlayerTest.debug.xcconfig */,
				A31A18B66B62D3BBEB193CFF /* Pods-UizaPlayerTest.release.xcconfig */,
			);
			name = Pods;
			sourceTree = "<group>";
		};
/* End PBXGroup section */

/* Begin PBXHeadersBuildPhase section */
		63C65F5F205B9FE600DB2C96 /* Headers */ = {
			isa = PBXHeadersBuildPhase;
			buildActionMask = 2147483647;
			files = (
				63C65F73205B9FE600DB2C96 /* UizaSDK.h in Headers */,
			);
			runOnlyForDeploymentPostprocessing = 0;
		};
		63FC58BD208A1F0B009C9028 /* Headers */ = {
			isa = PBXHeadersBuildPhase;
			buildActionMask = 2147483647;
			files = (
				63FC58D4208A1F1F009C9028 /* UizaSDK.h in Headers */,
				63FC58C4208A1F0B009C9028 /* UizaSDK_tvos.h in Headers */,
			);
			runOnlyForDeploymentPostprocessing = 0;
		};
/* End PBXHeadersBuildPhase section */

/* Begin PBXNativeTarget section */
		638EC0D420AAA17D00C0243E /* UizaPlayerTest */ = {
			isa = PBXNativeTarget;
			buildConfigurationList = 638EC0E420AAA17F00C0243E /* Build configuration list for PBXNativeTarget "UizaPlayerTest" */;
			buildPhases = (
				F5268FFCD5BD2F91D08C9B10 /* [CP] Check Pods Manifest.lock */,
				638EC0D120AAA17D00C0243E /* Sources */,
				638EC0D220AAA17D00C0243E /* Frameworks */,
				638EC0D320AAA17D00C0243E /* Resources */,
				A9A0282F082ECBABA36F3D62 /* [CP] Embed Pods Frameworks */,
			);
			buildRules = (
			);
			dependencies = (
			);
			name = UizaPlayerTest;
			productName = UizaPlayerTest;
			productReference = 638EC0D520AAA17D00C0243E /* UizaPlayerTest.app */;
			productType = "com.apple.product-type.application";
		};
		63C65F61205B9FE600DB2C96 /* UizaSDK */ = {
			isa = PBXNativeTarget;
			buildConfigurationList = 63C65F76205B9FE600DB2C96 /* Build configuration list for PBXNativeTarget "UizaSDK" */;
			buildPhases = (
				A0E04875E96286A174123FBA /* [CP] Check Pods Manifest.lock */,
				63C65F5D205B9FE600DB2C96 /* Sources */,
				63C65F5E205B9FE600DB2C96 /* Frameworks */,
				63C65F5F205B9FE600DB2C96 /* Headers */,
				63C65F60205B9FE600DB2C96 /* Resources */,
			);
			buildRules = (
			);
			dependencies = (
			);
			name = UizaSDK;
			productName = UizaSDK;
			productReference = 63C65F62205B9FE600DB2C96 /* UizaSDK.framework */;
			productType = "com.apple.product-type.framework";
		};
		63C65F6A205B9FE600DB2C96 /* UizaSDKTests */ = {
			isa = PBXNativeTarget;
			buildConfigurationList = 63C65F79205B9FE600DB2C96 /* Build configuration list for PBXNativeTarget "UizaSDKTests" */;
			buildPhases = (
				482DC50A7C5C92F55B66A5EE /* [CP] Check Pods Manifest.lock */,
				63C65F67205B9FE600DB2C96 /* Sources */,
				63C65F68205B9FE600DB2C96 /* Frameworks */,
				63C65F69205B9FE600DB2C96 /* Resources */,
				648FD499C1B96C1C99D5F713 /* [CP] Embed Pods Frameworks */,
			);
			buildRules = (
			);
			dependencies = (
				63C65F6E205B9FE600DB2C96 /* PBXTargetDependency */,
			);
			name = UizaSDKTests;
			productName = UizaSDKTests;
			productReference = 63C65F6B205B9FE600DB2C96 /* UizaSDKTests.xctest */;
			productType = "com.apple.product-type.bundle.unit-test";
		};
		63FC58BF208A1F0B009C9028 /* UizaSDK-tvos */ = {
			isa = PBXNativeTarget;
			buildConfigurationList = 63FC58C7208A1F0B009C9028 /* Build configuration list for PBXNativeTarget "UizaSDK-tvos" */;
			buildPhases = (
				25A48D8B9952AB1662EF83D3 /* [CP] Check Pods Manifest.lock */,
				63FC58BB208A1F0B009C9028 /* Sources */,
				63FC58BC208A1F0B009C9028 /* Frameworks */,
				63FC58BD208A1F0B009C9028 /* Headers */,
				63FC58BE208A1F0B009C9028 /* Resources */,
			);
			buildRules = (
			);
			dependencies = (
			);
			name = "UizaSDK-tvos";
			productName = "UizaSDK-tvos";
			productReference = 63FC58C0208A1F0B009C9028 /* UizaSDK_tvos.framework */;
			productType = "com.apple.product-type.framework";
		};
/* End PBXNativeTarget section */

/* Begin PBXProject section */
		63C65F59205B9FE600DB2C96 /* Project object */ = {
			isa = PBXProject;
			attributes = {
				LastSwiftUpdateCheck = 0930;
				LastUpgradeCheck = 0930;
				ORGANIZATIONNAME = "Nam Kennic";
				TargetAttributes = {
					638EC0D420AAA17D00C0243E = {
						CreatedOnToolsVersion = 9.3.1;
						ProvisioningStyle = Automatic;
					};
					63C65F61205B9FE600DB2C96 = {
						CreatedOnToolsVersion = 9.2;
						ProvisioningStyle = Automatic;
					};
					63C65F6A205B9FE600DB2C96 = {
						CreatedOnToolsVersion = 9.2;
						ProvisioningStyle = Automatic;
					};
					63FC58BF208A1F0B009C9028 = {
						CreatedOnToolsVersion = 9.3;
						ProvisioningStyle = Automatic;
					};
				};
			};
			buildConfigurationList = 63C65F5C205B9FE600DB2C96 /* Build configuration list for PBXProject "UizaSDK" */;
			compatibilityVersion = "Xcode 8.0";
			developmentRegion = en;
			hasScannedForEncodings = 0;
			knownRegions = (
				en,
				Base,
			);
			mainGroup = 63C65F58205B9FE600DB2C96;
			productRefGroup = 63C65F63205B9FE600DB2C96 /* Products */;
			projectDirPath = "";
			projectRoot = "";
			targets = (
				63C65F61205B9FE600DB2C96 /* UizaSDK */,
				63FC58BF208A1F0B009C9028 /* UizaSDK-tvos */,
				63C65F6A205B9FE600DB2C96 /* UizaSDKTests */,
				638EC0D420AAA17D00C0243E /* UizaPlayerTest */,
			);
		};
/* End PBXProject section */

/* Begin PBXResourcesBuildPhase section */
		638EC0D320AAA17D00C0243E /* Resources */ = {
			isa = PBXResourcesBuildPhase;
			buildActionMask = 2147483647;
			files = (
				638EC0E220AAA17F00C0243E /* LaunchScreen.storyboard in Resources */,
				638EC0DF20AAA17F00C0243E /* Assets.xcassets in Resources */,
				638EC0DD20AAA17D00C0243E /* Main.storyboard in Resources */,
			);
			runOnlyForDeploymentPostprocessing = 0;
		};
		63C65F60205B9FE600DB2C96 /* Resources */ = {
			isa = PBXResourcesBuildPhase;
			buildActionMask = 2147483647;
			files = (
			);
			runOnlyForDeploymentPostprocessing = 0;
		};
		63C65F69205B9FE600DB2C96 /* Resources */ = {
			isa = PBXResourcesBuildPhase;
			buildActionMask = 2147483647;
			files = (
			);
			runOnlyForDeploymentPostprocessing = 0;
		};
		63FC58BE208A1F0B009C9028 /* Resources */ = {
			isa = PBXResourcesBuildPhase;
			buildActionMask = 2147483647;
			files = (
			);
			runOnlyForDeploymentPostprocessing = 0;
		};
/* End PBXResourcesBuildPhase section */

/* Begin PBXShellScriptBuildPhase section */
		25A48D8B9952AB1662EF83D3 /* [CP] Check Pods Manifest.lock */ = {
			isa = PBXShellScriptBuildPhase;
			buildActionMask = 2147483647;
			files = (
			);
			inputPaths = (
				"${PODS_PODFILE_DIR_PATH}/Podfile.lock",
				"${PODS_ROOT}/Manifest.lock",
			);
			name = "[CP] Check Pods Manifest.lock";
			outputPaths = (
				"$(DERIVED_FILE_DIR)/Pods-UizaSDK-tvos-checkManifestLockResult.txt",
			);
			runOnlyForDeploymentPostprocessing = 0;
			shellPath = /bin/sh;
			shellScript = "diff \"${PODS_PODFILE_DIR_PATH}/Podfile.lock\" \"${PODS_ROOT}/Manifest.lock\" > /dev/null\nif [ $? != 0 ] ; then\n    # print error to STDERR\n    echo \"error: The sandbox is not in sync with the Podfile.lock. Run 'pod install' or update your CocoaPods installation.\" >&2\n    exit 1\nfi\n# This output is used by Xcode 'outputs' to avoid re-running this script phase.\necho \"SUCCESS\" > \"${SCRIPT_OUTPUT_FILE_0}\"\n";
			showEnvVarsInLog = 0;
		};
		482DC50A7C5C92F55B66A5EE /* [CP] Check Pods Manifest.lock */ = {
			isa = PBXShellScriptBuildPhase;
			buildActionMask = 2147483647;
			files = (
			);
			inputPaths = (
				"${PODS_PODFILE_DIR_PATH}/Podfile.lock",
				"${PODS_ROOT}/Manifest.lock",
			);
			name = "[CP] Check Pods Manifest.lock";
			outputPaths = (
				"$(DERIVED_FILE_DIR)/Pods-UizaSDKTests-checkManifestLockResult.txt",
			);
			runOnlyForDeploymentPostprocessing = 0;
			shellPath = /bin/sh;
			shellScript = "diff \"${PODS_PODFILE_DIR_PATH}/Podfile.lock\" \"${PODS_ROOT}/Manifest.lock\" > /dev/null\nif [ $? != 0 ] ; then\n    # print error to STDERR\n    echo \"error: The sandbox is not in sync with the Podfile.lock. Run 'pod install' or update your CocoaPods installation.\" >&2\n    exit 1\nfi\n# This output is used by Xcode 'outputs' to avoid re-running this script phase.\necho \"SUCCESS\" > \"${SCRIPT_OUTPUT_FILE_0}\"\n";
			showEnvVarsInLog = 0;
		};
		648FD499C1B96C1C99D5F713 /* [CP] Embed Pods Frameworks */ = {
			isa = PBXShellScriptBuildPhase;
			buildActionMask = 2147483647;
			files = (
			);
			inputPaths = (
				"${SRCROOT}/Pods/Target Support Files/Pods-UizaSDKTests/Pods-UizaSDKTests-frameworks.sh",
				"${BUILT_PRODUCTS_DIR}/AFDateHelper-iOS/AFDateHelper.framework",
				"${BUILT_PRODUCTS_DIR}/Alamofire-iOS/Alamofire.framework",
				"${BUILT_PRODUCTS_DIR}/SDWebImage/SDWebImage.framework",
				"${BUILT_PRODUCTS_DIR}/SwiftyJSON-iOS/SwiftyJSON.framework",
				"${PODS_ROOT}/GoogleAds-IMA-iOS-SDK/GoogleInteractiveMediaAds.framework",
				"${BUILT_PRODUCTS_DIR}/NKFrameLayoutKit/NKFrameLayoutKit.framework",
				"${BUILT_PRODUCTS_DIR}/NKModalViewManager/NKModalViewManager.framework",
				"${BUILT_PRODUCTS_DIR}/NVActivityIndicatorView/NVActivityIndicatorView.framework",
				"${BUILT_PRODUCTS_DIR}/SwiftIcons/SwiftIcons.framework",
			);
			name = "[CP] Embed Pods Frameworks";
			outputPaths = (
				"${TARGET_BUILD_DIR}/${FRAMEWORKS_FOLDER_PATH}/AFDateHelper.framework",
				"${TARGET_BUILD_DIR}/${FRAMEWORKS_FOLDER_PATH}/Alamofire.framework",
				"${TARGET_BUILD_DIR}/${FRAMEWORKS_FOLDER_PATH}/SDWebImage.framework",
				"${TARGET_BUILD_DIR}/${FRAMEWORKS_FOLDER_PATH}/SwiftyJSON.framework",
				"${TARGET_BUILD_DIR}/${FRAMEWORKS_FOLDER_PATH}/GoogleInteractiveMediaAds.framework",
				"${TARGET_BUILD_DIR}/${FRAMEWORKS_FOLDER_PATH}/NKFrameLayoutKit.framework",
				"${TARGET_BUILD_DIR}/${FRAMEWORKS_FOLDER_PATH}/NKModalViewManager.framework",
				"${TARGET_BUILD_DIR}/${FRAMEWORKS_FOLDER_PATH}/NVActivityIndicatorView.framework",
				"${TARGET_BUILD_DIR}/${FRAMEWORKS_FOLDER_PATH}/SwiftIcons.framework",
			);
			runOnlyForDeploymentPostprocessing = 0;
			shellPath = /bin/sh;
			shellScript = "\"${SRCROOT}/Pods/Target Support Files/Pods-UizaSDKTests/Pods-UizaSDKTests-frameworks.sh\"\n";
			showEnvVarsInLog = 0;
		};
		A0E04875E96286A174123FBA /* [CP] Check Pods Manifest.lock */ = {
			isa = PBXShellScriptBuildPhase;
			buildActionMask = 2147483647;
			files = (
			);
			inputPaths = (
				"${PODS_PODFILE_DIR_PATH}/Podfile.lock",
				"${PODS_ROOT}/Manifest.lock",
			);
			name = "[CP] Check Pods Manifest.lock";
			outputPaths = (
				"$(DERIVED_FILE_DIR)/Pods-UizaSDK-checkManifestLockResult.txt",
			);
			runOnlyForDeploymentPostprocessing = 0;
			shellPath = /bin/sh;
			shellScript = "diff \"${PODS_PODFILE_DIR_PATH}/Podfile.lock\" \"${PODS_ROOT}/Manifest.lock\" > /dev/null\nif [ $? != 0 ] ; then\n    # print error to STDERR\n    echo \"error: The sandbox is not in sync with the Podfile.lock. Run 'pod install' or update your CocoaPods installation.\" >&2\n    exit 1\nfi\n# This output is used by Xcode 'outputs' to avoid re-running this script phase.\necho \"SUCCESS\" > \"${SCRIPT_OUTPUT_FILE_0}\"\n";
			showEnvVarsInLog = 0;
		};
		A9A0282F082ECBABA36F3D62 /* [CP] Embed Pods Frameworks */ = {
			isa = PBXShellScriptBuildPhase;
			buildActionMask = 2147483647;
			files = (
			);
			inputPaths = (
				"${SRCROOT}/Pods/Target Support Files/Pods-UizaPlayerTest/Pods-UizaPlayerTest-frameworks.sh",
				"${BUILT_PRODUCTS_DIR}/AFDateHelper-iOS/AFDateHelper.framework",
				"${BUILT_PRODUCTS_DIR}/Alamofire-iOS/Alamofire.framework",
				"${PODS_ROOT}/GoogleAds-IMA-iOS-SDK/GoogleInteractiveMediaAds.framework",
				"${BUILT_PRODUCTS_DIR}/NKFrameLayoutKit/NKFrameLayoutKit.framework",
				"${BUILT_PRODUCTS_DIR}/NKModalViewManager/NKModalViewManager.framework",
				"${BUILT_PRODUCTS_DIR}/NVActivityIndicatorView/NVActivityIndicatorView.framework",
				"${BUILT_PRODUCTS_DIR}/SDWebImage/SDWebImage.framework",
				"${BUILT_PRODUCTS_DIR}/SwiftIcons/SwiftIcons.framework",
				"${BUILT_PRODUCTS_DIR}/SwiftyJSON-iOS/SwiftyJSON.framework",
			);
			name = "[CP] Embed Pods Frameworks";
			outputPaths = (
				"${TARGET_BUILD_DIR}/${FRAMEWORKS_FOLDER_PATH}/AFDateHelper.framework",
				"${TARGET_BUILD_DIR}/${FRAMEWORKS_FOLDER_PATH}/Alamofire.framework",
				"${TARGET_BUILD_DIR}/${FRAMEWORKS_FOLDER_PATH}/GoogleInteractiveMediaAds.framework",
				"${TARGET_BUILD_DIR}/${FRAMEWORKS_FOLDER_PATH}/NKFrameLayoutKit.framework",
				"${TARGET_BUILD_DIR}/${FRAMEWORKS_FOLDER_PATH}/NKModalViewManager.framework",
				"${TARGET_BUILD_DIR}/${FRAMEWORKS_FOLDER_PATH}/NVActivityIndicatorView.framework",
				"${TARGET_BUILD_DIR}/${FRAMEWORKS_FOLDER_PATH}/SDWebImage.framework",
				"${TARGET_BUILD_DIR}/${FRAMEWORKS_FOLDER_PATH}/SwiftIcons.framework",
				"${TARGET_BUILD_DIR}/${FRAMEWORKS_FOLDER_PATH}/SwiftyJSON.framework",
			);
			runOnlyForDeploymentPostprocessing = 0;
			shellPath = /bin/sh;
			shellScript = "\"${SRCROOT}/Pods/Target Support Files/Pods-UizaPlayerTest/Pods-UizaPlayerTest-frameworks.sh\"\n";
			showEnvVarsInLog = 0;
		};
		F5268FFCD5BD2F91D08C9B10 /* [CP] Check Pods Manifest.lock */ = {
			isa = PBXShellScriptBuildPhase;
			buildActionMask = 2147483647;
			files = (
			);
			inputPaths = (
				"${PODS_PODFILE_DIR_PATH}/Podfile.lock",
				"${PODS_ROOT}/Manifest.lock",
			);
			name = "[CP] Check Pods Manifest.lock";
			outputPaths = (
				"$(DERIVED_FILE_DIR)/Pods-UizaPlayerTest-checkManifestLockResult.txt",
			);
			runOnlyForDeploymentPostprocessing = 0;
			shellPath = /bin/sh;
			shellScript = "diff \"${PODS_PODFILE_DIR_PATH}/Podfile.lock\" \"${PODS_ROOT}/Manifest.lock\" > /dev/null\nif [ $? != 0 ] ; then\n    # print error to STDERR\n    echo \"error: The sandbox is not in sync with the Podfile.lock. Run 'pod install' or update your CocoaPods installation.\" >&2\n    exit 1\nfi\n# This output is used by Xcode 'outputs' to avoid re-running this script phase.\necho \"SUCCESS\" > \"${SCRIPT_OUTPUT_FILE_0}\"\n";
			showEnvVarsInLog = 0;
		};
/* End PBXShellScriptBuildPhase section */

/* Begin PBXSourcesBuildPhase section */
		638EC0D120AAA17D00C0243E /* Sources */ = {
			isa = PBXSourcesBuildPhase;
			buildActionMask = 2147483647;
			files = (
				638EC0FA20AAA2CD00C0243E /* UZLogger.swift in Sources */,
				638EC10220AAA2D600C0243E /* UZPlayer.swift in Sources */,
				638EC10520AAA2D600C0243E /* UZRelatedViewController.swift in Sources */,
				638EC0E920AAA2CA00C0243E /* Dictionary+Append.swift in Sources */,
				638EC12420AC426900C0243E /* UZTheme4.swift in Sources */,
				638EC0FB20AAA2D200C0243E /* UZModelObject.swift in Sources */,
				638EC0ED20AAA2CA00C0243E /* UIApplication+Version.swift in Sources */,
				638EC12120AC3FA100C0243E /* UZTheme3.swift in Sources */,
				638EC0EF20AAA2CA00C0243E /* NSError+Uiza.swift in Sources */,
				638EC10920AAA2E000C0243E /* UZMediaResource.swift in Sources */,
				638EC10820AAA2DD00C0243E /* UZSlider.swift in Sources */,
				638EC0F220AAA2CA00C0243E /* String+ToBool.swift in Sources */,
				638EC0EC20AAA2CA00C0243E /* UIDevice+Extension.swift in Sources */,
				638EC0EA20AAA2CA00C0243E /* Error+Code.swift in Sources */,
				638EC10420AAA2D600C0243E /* UZShareView.swift in Sources */,
				638EC0E720AAA2CA00C0243E /* AVAudioSession+Airplay.swift in Sources */,
				638EC0F020AAA2CA00C0243E /* NSTimeInterval+ToString.swift in Sources */,
				638EC0E820AAA2CA00C0243E /* Date+Comparators.swift in Sources */,
				638EC0DA20AAA17D00C0243E /* ViewController.swift in Sources */,
				638EC0F720AAA2CD00C0243E /* UZAccountServices.swift in Sources */,
				638EC0F420AAA2CA00C0243E /* String+Components.swift in Sources */,
				638EC10120AAA2D200C0243E /* UZVideoItem.swift in Sources */,
				638EC0FE20AAA2D200C0243E /* UZMenuItem.swift in Sources */,
				638EC0D820AAA17D00C0243E /* AppDelegate.swift in Sources */,
				638EC10620AAA2D600C0243E /* UZPlayerViewController.swift in Sources */,
				638EC0EB20AAA2CA00C0243E /* FileManager+Extends.swift in Sources */,
				638EC10720AAA2DD00C0243E /* NKProgressView.swift in Sources */,
				638EC0FF20AAA2D200C0243E /* UZToken.swift in Sources */,
				638EC0F120AAA2CA00C0243E /* NSDictionary+KeyValue.swift in Sources */,
				638EC11A20AC348000C0243E /* UZTheme1.swift in Sources */,
				638EC0FC20AAA2D200C0243E /* UZBannerItem.swift in Sources */,
				638EC0F920AAA2CD00C0243E /* UZContentServices.swift in Sources */,
				638EC0FD20AAA2D200C0243E /* UZCategory.swift in Sources */,
				638EC0F320AAA2CA00C0243E /* String+Extension.swift in Sources */,
				638EC0F620AAA2CD00C0243E /* UizaSDK.swift in Sources */,
				638EC0F520AAA2CA00C0243E /* String+ToDictionary.swift in Sources */,
				638EC10020AAA2D200C0243E /* UZUser.swift in Sources */,
				638EC10320AAA2D600C0243E /* UZPlayerControlView.swift in Sources */,
				638EC0EE20AAA2CA00C0243E /* UIColor+Hex.swift in Sources */,
				638EC11E20AC3E9D00C0243E /* UZTheme2.swift in Sources */,
				638EC0F820AAA2CD00C0243E /* UZAPIConnector.swift in Sources */,
			);
			runOnlyForDeploymentPostprocessing = 0;
		};
		63C65F5D205B9FE600DB2C96 /* Sources */ = {
			isa = PBXSourcesBuildPhase;
			buildActionMask = 2147483647;
			files = (
				632125002089E20800720593 /* UZContentServices.swift in Sources */,
				6346B7A920930D7D00A68AD4 /* AVAudioSession+Airplay.swift in Sources */,
				632124F82089E1EE00720593 /* UZCategory.swift in Sources */,
				63714A24209B108600426948 /* UZShareView.swift in Sources */,
				638EC12320AC426900C0243E /* UZTheme4.swift in Sources */,
				63C65FA5205BA10800DB2C96 /* UIDevice+Extension.swift in Sources */,
				632124F42089E1EE00720593 /* UZModelObject.swift in Sources */,
				6346B7A720930C3200A68AD4 /* UZPlayer.swift in Sources */,
				632124FE2089E20800720593 /* UZAccountServices.swift in Sources */,
				638EC11D20AC3E9D00C0243E /* UZTheme2.swift in Sources */,
				6346B7A320930C3200A68AD4 /* UZPlayerViewController.swift in Sources */,
				63C65FAA205BA10800DB2C96 /* Dictionary+Append.swift in Sources */,
				632124F32089E1EE00720593 /* UZMenuItem.swift in Sources */,
				632124F62089E1EE00720593 /* UZVideoItem.swift in Sources */,
				63C65FA8205BA10800DB2C96 /* UIColor+Hex.swift in Sources */,
				6346B7A220930C3200A68AD4 /* UZPlayerControlView.swift in Sources */,
				6346B7A420930C3200A68AD4 /* UZMediaResource.swift in Sources */,
				632124F22089E1EE00720593 /* UZBannerItem.swift in Sources */,
				63C65FA6205BA10800DB2C96 /* UIApplication+Version.swift in Sources */,
				632125012089E20800720593 /* UZLogger.swift in Sources */,
				632124FF2089E20800720593 /* UizaSDK.swift in Sources */,
				638EC12020AC3FA100C0243E /* UZTheme3.swift in Sources */,
				6309D95E20A4078E008CC538 /* UZRelatedViewController.swift in Sources */,
				63C65FB2205BA10800DB2C96 /* String+ToDictionary.swift in Sources */,
				63C65FAB205BA10800DB2C96 /* NSError+Uiza.swift in Sources */,
				6346B7A620930C3200A68AD4 /* UZSlider.swift in Sources */,
				632124F72089E1EE00720593 /* UZToken.swift in Sources */,
				63C65FA7205BA10800DB2C96 /* FileManager+Extends.swift in Sources */,
				63C65FB0205BA10800DB2C96 /* String+Components.swift in Sources */,
				6346B7A520930C3200A68AD4 /* NKProgressView.swift in Sources */,
				63C65FA9205BA10800DB2C96 /* Error+Code.swift in Sources */,
				63C65FAF205BA10800DB2C96 /* Date+Comparators.swift in Sources */,
				638EC11920AC348000C0243E /* UZTheme1.swift in Sources */,
				6346B7AB20930DAC00A68AD4 /* NSTimeInterval+ToString.swift in Sources */,
				63C65FAC205BA10800DB2C96 /* String+ToBool.swift in Sources */,
				63C65FAE205BA10800DB2C96 /* String+Extension.swift in Sources */,
				632125022089E20800720593 /* UZAPIConnector.swift in Sources */,
				632124F52089E1EE00720593 /* UZUser.swift in Sources */,
				63C65FAD205BA10800DB2C96 /* NSDictionary+KeyValue.swift in Sources */,
			);
			runOnlyForDeploymentPostprocessing = 0;
		};
		63C65F67205B9FE600DB2C96 /* Sources */ = {
			isa = PBXSourcesBuildPhase;
			buildActionMask = 2147483647;
			files = (
				63C65F71205B9FE600DB2C96 /* UizaSDKTests.swift in Sources */,
			);
			runOnlyForDeploymentPostprocessing = 0;
		};
		63FC58BB208A1F0B009C9028 /* Sources */ = {
			isa = PBXSourcesBuildPhase;
			buildActionMask = 2147483647;
			files = (
				63FC58DB208A1F24009C9028 /* NSError+Uiza.swift in Sources */,
				63FC58D5208A1F24009C9028 /* UIDevice+Extension.swift in Sources */,
				63FC58D3208A1F1F009C9028 /* UZLogger.swift in Sources */,
				63FC58D7208A1F24009C9028 /* FileManager+Extends.swift in Sources */,
				63FC58CA208A1F1F009C9028 /* UZCategory.swift in Sources */,
				63FC58DD208A1F24009C9028 /* NSDictionary+KeyValue.swift in Sources */,
				63FC58C8208A1F1F009C9028 /* UZModelObject.swift in Sources */,
				63FC58CE208A1F1F009C9028 /* UZVideoItem.swift in Sources */,
				63FC58CF208A1F1F009C9028 /* UizaSDK.swift in Sources */,
				63FC58CB208A1F1F009C9028 /* UZMenuItem.swift in Sources */,
				63FC58CD208A1F1F009C9028 /* UZUser.swift in Sources */,
				63FC58D8208A1F24009C9028 /* UIColor+Hex.swift in Sources */,
				63FC58DE208A1F24009C9028 /* String+Extension.swift in Sources */,
				63FC58CC208A1F1F009C9028 /* UZToken.swift in Sources */,
				6346B7AC20930DAC00A68AD4 /* NSTimeInterval+ToString.swift in Sources */,
				63FC58D0208A1F1F009C9028 /* UZAccountServices.swift in Sources */,
				63FC58D2208A1F1F009C9028 /* UZContentServices.swift in Sources */,
				63FC58DA208A1F24009C9028 /* Dictionary+Append.swift in Sources */,
				63FC58C9208A1F1F009C9028 /* UZBannerItem.swift in Sources */,
				63FC58E2208A1F24009C9028 /* String+ToDictionary.swift in Sources */,
				63FC58E0208A1F24009C9028 /* String+Components.swift in Sources */,
				63FC58D1208A1F1F009C9028 /* UZAPIConnector.swift in Sources */,
				63FC58D9208A1F24009C9028 /* Error+Code.swift in Sources */,
				63FC58D6208A1F24009C9028 /* UIApplication+Version.swift in Sources */,
				63FC58DC208A1F24009C9028 /* String+ToBool.swift in Sources */,
				63FC58DF208A1F24009C9028 /* Date+Comparators.swift in Sources */,
			);
			runOnlyForDeploymentPostprocessing = 0;
		};
/* End PBXSourcesBuildPhase section */

/* Begin PBXTargetDependency section */
		63C65F6E205B9FE600DB2C96 /* PBXTargetDependency */ = {
			isa = PBXTargetDependency;
			target = 63C65F61205B9FE600DB2C96 /* UizaSDK */;
			targetProxy = 63C65F6D205B9FE600DB2C96 /* PBXContainerItemProxy */;
		};
/* End PBXTargetDependency section */

/* Begin PBXVariantGroup section */
		638EC0DB20AAA17D00C0243E /* Main.storyboard */ = {
			isa = PBXVariantGroup;
			children = (
				638EC0DC20AAA17D00C0243E /* Base */,
			);
			name = Main.storyboard;
			sourceTree = "<group>";
		};
		638EC0E020AAA17F00C0243E /* LaunchScreen.storyboard */ = {
			isa = PBXVariantGroup;
			children = (
				638EC0E120AAA17F00C0243E /* Base */,
			);
			name = LaunchScreen.storyboard;
			sourceTree = "<group>";
		};
/* End PBXVariantGroup section */

/* Begin XCBuildConfiguration section */
		638EC0E520AAA17F00C0243E /* Debug */ = {
			isa = XCBuildConfiguration;
			baseConfigurationReference = 0E715D5FB8765152CC4F10F5 /* Pods-UizaPlayerTest.debug.xcconfig */;
			buildSettings = {
				ASSETCATALOG_COMPILER_APPICON_NAME = AppIcon;
				CLANG_ENABLE_OBJC_WEAK = YES;
				CODE_SIGN_STYLE = Automatic;
				DEVELOPMENT_TEAM = N553UPX8WV;
				INFOPLIST_FILE = UizaPlayerTest/Info.plist;
				IPHONEOS_DEPLOYMENT_TARGET = 11.3;
				LD_RUNPATH_SEARCH_PATHS = "$(inherited) @executable_path/Frameworks";
				PRODUCT_BUNDLE_IDENTIFIER = com.uiza.UizaPlayerTest;
				PRODUCT_NAME = "$(TARGET_NAME)";
				SWIFT_VERSION = 4.0;
				TARGETED_DEVICE_FAMILY = "1,2";
			};
			name = Debug;
		};
		638EC0E620AAA17F00C0243E /* Release */ = {
			isa = XCBuildConfiguration;
			baseConfigurationReference = A31A18B66B62D3BBEB193CFF /* Pods-UizaPlayerTest.release.xcconfig */;
			buildSettings = {
				ASSETCATALOG_COMPILER_APPICON_NAME = AppIcon;
				CLANG_ENABLE_OBJC_WEAK = YES;
				CODE_SIGN_STYLE = Automatic;
				DEVELOPMENT_TEAM = N553UPX8WV;
				INFOPLIST_FILE = UizaPlayerTest/Info.plist;
				IPHONEOS_DEPLOYMENT_TARGET = 11.3;
				LD_RUNPATH_SEARCH_PATHS = "$(inherited) @executable_path/Frameworks";
				PRODUCT_BUNDLE_IDENTIFIER = com.uiza.UizaPlayerTest;
				PRODUCT_NAME = "$(TARGET_NAME)";
				SWIFT_VERSION = 4.0;
				TARGETED_DEVICE_FAMILY = "1,2";
			};
			name = Release;
		};
		63C65F74205B9FE600DB2C96 /* Debug */ = {
			isa = XCBuildConfiguration;
			buildSettings = {
				ALWAYS_SEARCH_USER_PATHS = NO;
				CLANG_ANALYZER_NONNULL = YES;
				CLANG_ANALYZER_NUMBER_OBJECT_CONVERSION = YES_AGGRESSIVE;
				CLANG_CXX_LANGUAGE_STANDARD = "gnu++14";
				CLANG_CXX_LIBRARY = "libc++";
				CLANG_ENABLE_MODULES = YES;
				CLANG_ENABLE_OBJC_ARC = YES;
				CLANG_WARN_BLOCK_CAPTURE_AUTORELEASING = YES;
				CLANG_WARN_BOOL_CONVERSION = YES;
				CLANG_WARN_COMMA = YES;
				CLANG_WARN_CONSTANT_CONVERSION = YES;
				CLANG_WARN_DEPRECATED_OBJC_IMPLEMENTATIONS = YES;
				CLANG_WARN_DIRECT_OBJC_ISA_USAGE = YES_ERROR;
				CLANG_WARN_DOCUMENTATION_COMMENTS = YES;
				CLANG_WARN_EMPTY_BODY = YES;
				CLANG_WARN_ENUM_CONVERSION = YES;
				CLANG_WARN_INFINITE_RECURSION = YES;
				CLANG_WARN_INT_CONVERSION = YES;
				CLANG_WARN_NON_LITERAL_NULL_CONVERSION = YES;
				CLANG_WARN_OBJC_IMPLICIT_RETAIN_SELF = YES;
				CLANG_WARN_OBJC_LITERAL_CONVERSION = YES;
				CLANG_WARN_OBJC_ROOT_CLASS = YES_ERROR;
				CLANG_WARN_RANGE_LOOP_ANALYSIS = YES;
				CLANG_WARN_STRICT_PROTOTYPES = YES;
				CLANG_WARN_SUSPICIOUS_MOVE = YES;
				CLANG_WARN_UNGUARDED_AVAILABILITY = YES_AGGRESSIVE;
				CLANG_WARN_UNREACHABLE_CODE = YES;
				CLANG_WARN__DUPLICATE_METHOD_MATCH = YES;
				CODE_SIGN_IDENTITY = "iPhone Developer";
				COPY_PHASE_STRIP = NO;
				CURRENT_PROJECT_VERSION = 1;
				DEBUG_INFORMATION_FORMAT = dwarf;
				ENABLE_STRICT_OBJC_MSGSEND = YES;
				ENABLE_TESTABILITY = YES;
				GCC_C_LANGUAGE_STANDARD = gnu11;
				GCC_DYNAMIC_NO_PIC = NO;
				GCC_NO_COMMON_BLOCKS = YES;
				GCC_OPTIMIZATION_LEVEL = 0;
				GCC_PREPROCESSOR_DEFINITIONS = (
					"DEBUG=1",
					"$(inherited)",
				);
				GCC_WARN_64_TO_32_BIT_CONVERSION = YES;
				GCC_WARN_ABOUT_RETURN_TYPE = YES_ERROR;
				GCC_WARN_UNDECLARED_SELECTOR = YES;
				GCC_WARN_UNINITIALIZED_AUTOS = YES_AGGRESSIVE;
				GCC_WARN_UNUSED_FUNCTION = YES;
				GCC_WARN_UNUSED_VARIABLE = YES;
				IPHONEOS_DEPLOYMENT_TARGET = 11.2;
				MTL_ENABLE_DEBUG_INFO = YES;
				ONLY_ACTIVE_ARCH = YES;
				SDKROOT = iphoneos;
				SWIFT_ACTIVE_COMPILATION_CONDITIONS = DEBUG;
				SWIFT_OPTIMIZATION_LEVEL = "-Onone";
				VERSIONING_SYSTEM = "apple-generic";
				VERSION_INFO_PREFIX = "";
			};
			name = Debug;
		};
		63C65F75205B9FE600DB2C96 /* Release */ = {
			isa = XCBuildConfiguration;
			buildSettings = {
				ALWAYS_SEARCH_USER_PATHS = NO;
				CLANG_ANALYZER_NONNULL = YES;
				CLANG_ANALYZER_NUMBER_OBJECT_CONVERSION = YES_AGGRESSIVE;
				CLANG_CXX_LANGUAGE_STANDARD = "gnu++14";
				CLANG_CXX_LIBRARY = "libc++";
				CLANG_ENABLE_MODULES = YES;
				CLANG_ENABLE_OBJC_ARC = YES;
				CLANG_WARN_BLOCK_CAPTURE_AUTORELEASING = YES;
				CLANG_WARN_BOOL_CONVERSION = YES;
				CLANG_WARN_COMMA = YES;
				CLANG_WARN_CONSTANT_CONVERSION = YES;
				CLANG_WARN_DEPRECATED_OBJC_IMPLEMENTATIONS = YES;
				CLANG_WARN_DIRECT_OBJC_ISA_USAGE = YES_ERROR;
				CLANG_WARN_DOCUMENTATION_COMMENTS = YES;
				CLANG_WARN_EMPTY_BODY = YES;
				CLANG_WARN_ENUM_CONVERSION = YES;
				CLANG_WARN_INFINITE_RECURSION = YES;
				CLANG_WARN_INT_CONVERSION = YES;
				CLANG_WARN_NON_LITERAL_NULL_CONVERSION = YES;
				CLANG_WARN_OBJC_IMPLICIT_RETAIN_SELF = YES;
				CLANG_WARN_OBJC_LITERAL_CONVERSION = YES;
				CLANG_WARN_OBJC_ROOT_CLASS = YES_ERROR;
				CLANG_WARN_RANGE_LOOP_ANALYSIS = YES;
				CLANG_WARN_STRICT_PROTOTYPES = YES;
				CLANG_WARN_SUSPICIOUS_MOVE = YES;
				CLANG_WARN_UNGUARDED_AVAILABILITY = YES_AGGRESSIVE;
				CLANG_WARN_UNREACHABLE_CODE = YES;
				CLANG_WARN__DUPLICATE_METHOD_MATCH = YES;
				CODE_SIGN_IDENTITY = "iPhone Developer";
				COPY_PHASE_STRIP = NO;
				CURRENT_PROJECT_VERSION = 1;
				DEBUG_INFORMATION_FORMAT = "dwarf-with-dsym";
				ENABLE_NS_ASSERTIONS = NO;
				ENABLE_STRICT_OBJC_MSGSEND = YES;
				GCC_C_LANGUAGE_STANDARD = gnu11;
				GCC_NO_COMMON_BLOCKS = YES;
				GCC_WARN_64_TO_32_BIT_CONVERSION = YES;
				GCC_WARN_ABOUT_RETURN_TYPE = YES_ERROR;
				GCC_WARN_UNDECLARED_SELECTOR = YES;
				GCC_WARN_UNINITIALIZED_AUTOS = YES_AGGRESSIVE;
				GCC_WARN_UNUSED_FUNCTION = YES;
				GCC_WARN_UNUSED_VARIABLE = YES;
				IPHONEOS_DEPLOYMENT_TARGET = 11.2;
				MTL_ENABLE_DEBUG_INFO = NO;
				SDKROOT = iphoneos;
				SWIFT_OPTIMIZATION_LEVEL = "-Owholemodule";
				VALIDATE_PRODUCT = YES;
				VERSIONING_SYSTEM = "apple-generic";
				VERSION_INFO_PREFIX = "";
			};
			name = Release;
		};
		63C65F77205B9FE600DB2C96 /* Debug */ = {
			isa = XCBuildConfiguration;
			baseConfigurationReference = 9FC8E8DE1EDD07EAD7267040 /* Pods-UizaSDK.debug.xcconfig */;
			buildSettings = {
				APPLICATION_EXTENSION_API_ONLY = NO;
				CODE_SIGN_IDENTITY = "";
				CODE_SIGN_STYLE = Automatic;
				DEFINES_MODULE = YES;
				DEVELOPMENT_TEAM = "";
				DYLIB_COMPATIBILITY_VERSION = 1;
				DYLIB_CURRENT_VERSION = 1;
				DYLIB_INSTALL_NAME_BASE = "@rpath";
				INFOPLIST_FILE = UizaSDK/Info.plist;
				INSTALL_PATH = "$(LOCAL_LIBRARY_DIR)/Frameworks";
				IPHONEOS_DEPLOYMENT_TARGET = 10.0;
				LD_RUNPATH_SEARCH_PATHS = "$(inherited) @executable_path/Frameworks @loader_path/Frameworks";
				PRODUCT_BUNDLE_IDENTIFIER = com.uiza.UizaSDK;
				PRODUCT_NAME = "$(TARGET_NAME:c99extidentifier)";
				SKIP_INSTALL = NO;
				SWIFT_VERSION = 4.0;
				TARGETED_DEVICE_FAMILY = "1,2";
			};
			name = Debug;
		};
		63C65F78205B9FE600DB2C96 /* Release */ = {
			isa = XCBuildConfiguration;
			baseConfigurationReference = BE8577A3B28C9EBB8D29C941 /* Pods-UizaSDK.release.xcconfig */;
			buildSettings = {
				APPLICATION_EXTENSION_API_ONLY = NO;
				CODE_SIGN_IDENTITY = "";
				CODE_SIGN_STYLE = Automatic;
				DEFINES_MODULE = YES;
				DEVELOPMENT_TEAM = "";
				DYLIB_COMPATIBILITY_VERSION = 1;
				DYLIB_CURRENT_VERSION = 1;
				DYLIB_INSTALL_NAME_BASE = "@rpath";
				INFOPLIST_FILE = UizaSDK/Info.plist;
				INSTALL_PATH = "$(LOCAL_LIBRARY_DIR)/Frameworks";
				IPHONEOS_DEPLOYMENT_TARGET = 10.0;
				LD_RUNPATH_SEARCH_PATHS = "$(inherited) @executable_path/Frameworks @loader_path/Frameworks";
				PRODUCT_BUNDLE_IDENTIFIER = com.uiza.UizaSDK;
				PRODUCT_NAME = "$(TARGET_NAME:c99extidentifier)";
				SKIP_INSTALL = NO;
				SWIFT_VERSION = 4.0;
				TARGETED_DEVICE_FAMILY = "1,2";
			};
			name = Release;
		};
		63C65F7A205B9FE600DB2C96 /* Debug */ = {
			isa = XCBuildConfiguration;
			baseConfigurationReference = 28836A3ED419476454084AC0 /* Pods-UizaSDKTests.debug.xcconfig */;
			buildSettings = {
				ALWAYS_EMBED_SWIFT_STANDARD_LIBRARIES = YES;
				CODE_SIGN_STYLE = Automatic;
				DEVELOPMENT_TEAM = N553UPX8WV;
				INFOPLIST_FILE = UizaSDKTests/Info.plist;
				LD_RUNPATH_SEARCH_PATHS = "$(inherited) @executable_path/Frameworks @loader_path/Frameworks";
				PRODUCT_BUNDLE_IDENTIFIER = com.uiza.UizaSDKTests;
				PRODUCT_NAME = "$(TARGET_NAME)";
				SWIFT_VERSION = 4.0;
				TARGETED_DEVICE_FAMILY = "1,2";
			};
			name = Debug;
		};
		63C65F7B205B9FE600DB2C96 /* Release */ = {
			isa = XCBuildConfiguration;
			baseConfigurationReference = 4BC432C22A6BF2074ECD5F97 /* Pods-UizaSDKTests.release.xcconfig */;
			buildSettings = {
				ALWAYS_EMBED_SWIFT_STANDARD_LIBRARIES = YES;
				CODE_SIGN_STYLE = Automatic;
				DEVELOPMENT_TEAM = N553UPX8WV;
				INFOPLIST_FILE = UizaSDKTests/Info.plist;
				LD_RUNPATH_SEARCH_PATHS = "$(inherited) @executable_path/Frameworks @loader_path/Frameworks";
				PRODUCT_BUNDLE_IDENTIFIER = com.uiza.UizaSDKTests;
				PRODUCT_NAME = "$(TARGET_NAME)";
				SWIFT_VERSION = 4.0;
				TARGETED_DEVICE_FAMILY = "1,2";
			};
			name = Release;
		};
		63FC58C5208A1F0B009C9028 /* Debug */ = {
			isa = XCBuildConfiguration;
			baseConfigurationReference = 10619F129EBE56DAC47084F9 /* Pods-UizaSDK-tvos.debug.xcconfig */;
			buildSettings = {
				APPLICATION_EXTENSION_API_ONLY = YES;
				CLANG_ENABLE_OBJC_WEAK = YES;
				CODE_SIGN_IDENTITY = "";
				CODE_SIGN_STYLE = Automatic;
				DEFINES_MODULE = YES;
				DEVELOPMENT_TEAM = N553UPX8WV;
				DYLIB_COMPATIBILITY_VERSION = 1;
				DYLIB_CURRENT_VERSION = 1;
				DYLIB_INSTALL_NAME_BASE = "@rpath";
				INFOPLIST_FILE = "UizaSDK-tvos/Info.plist";
				INSTALL_PATH = "$(LOCAL_LIBRARY_DIR)/Frameworks";
				LD_RUNPATH_SEARCH_PATHS = "$(inherited) @executable_path/Frameworks @loader_path/Frameworks";
				PRODUCT_BUNDLE_IDENTIFIER = "com.uiza.UizaSDK-tvos";
				PRODUCT_NAME = "$(TARGET_NAME:c99extidentifier)";
				SDKROOT = appletvos;
				SKIP_INSTALL = NO;
				SWIFT_VERSION = 4.0;
				TARGETED_DEVICE_FAMILY = 3;
				TVOS_DEPLOYMENT_TARGET = 10.0;
			};
			name = Debug;
		};
		63FC58C6208A1F0B009C9028 /* Release */ = {
			isa = XCBuildConfiguration;
			baseConfigurationReference = 860B16779D07210913450B9F /* Pods-UizaSDK-tvos.release.xcconfig */;
			buildSettings = {
				APPLICATION_EXTENSION_API_ONLY = YES;
				CLANG_ENABLE_OBJC_WEAK = YES;
				CODE_SIGN_IDENTITY = "";
				CODE_SIGN_STYLE = Automatic;
				DEFINES_MODULE = YES;
				DEVELOPMENT_TEAM = N553UPX8WV;
				DYLIB_COMPATIBILITY_VERSION = 1;
				DYLIB_CURRENT_VERSION = 1;
				DYLIB_INSTALL_NAME_BASE = "@rpath";
				INFOPLIST_FILE = "UizaSDK-tvos/Info.plist";
				INSTALL_PATH = "$(LOCAL_LIBRARY_DIR)/Frameworks";
				LD_RUNPATH_SEARCH_PATHS = "$(inherited) @executable_path/Frameworks @loader_path/Frameworks";
				PRODUCT_BUNDLE_IDENTIFIER = "com.uiza.UizaSDK-tvos";
				PRODUCT_NAME = "$(TARGET_NAME:c99extidentifier)";
				SDKROOT = appletvos;
				SKIP_INSTALL = NO;
				SWIFT_VERSION = 4.0;
				TARGETED_DEVICE_FAMILY = 3;
				TVOS_DEPLOYMENT_TARGET = 10.0;
			};
			name = Release;
		};
/* End XCBuildConfiguration section */

/* Begin XCConfigurationList section */
		638EC0E420AAA17F00C0243E /* Build configuration list for PBXNativeTarget "UizaPlayerTest" */ = {
			isa = XCConfigurationList;
			buildConfigurations = (
				638EC0E520AAA17F00C0243E /* Debug */,
				638EC0E620AAA17F00C0243E /* Release */,
			);
			defaultConfigurationIsVisible = 0;
			defaultConfigurationName = Release;
		};
		63C65F5C205B9FE600DB2C96 /* Build configuration list for PBXProject "UizaSDK" */ = {
			isa = XCConfigurationList;
			buildConfigurations = (
				63C65F74205B9FE600DB2C96 /* Debug */,
				63C65F75205B9FE600DB2C96 /* Release */,
			);
			defaultConfigurationIsVisible = 0;
			defaultConfigurationName = Release;
		};
		63C65F76205B9FE600DB2C96 /* Build configuration list for PBXNativeTarget "UizaSDK" */ = {
			isa = XCConfigurationList;
			buildConfigurations = (
				63C65F77205B9FE600DB2C96 /* Debug */,
				63C65F78205B9FE600DB2C96 /* Release */,
			);
			defaultConfigurationIsVisible = 0;
			defaultConfigurationName = Release;
		};
		63C65F79205B9FE600DB2C96 /* Build configuration list for PBXNativeTarget "UizaSDKTests" */ = {
			isa = XCConfigurationList;
			buildConfigurations = (
				63C65F7A205B9FE600DB2C96 /* Debug */,
				63C65F7B205B9FE600DB2C96 /* Release */,
			);
			defaultConfigurationIsVisible = 0;
			defaultConfigurationName = Release;
		};
		63FC58C7208A1F0B009C9028 /* Build configuration list for PBXNativeTarget "UizaSDK-tvos" */ = {
			isa = XCConfigurationList;
			buildConfigurations = (
				63FC58C5208A1F0B009C9028 /* Debug */,
				63FC58C6208A1F0B009C9028 /* Release */,
			);
			defaultConfigurationIsVisible = 0;
			defaultConfigurationName = Release;
		};
/* End XCConfigurationList section */
	};
	rootObject = 63C65F59205B9FE600DB2C96 /* Project object */;
}
